// !$*UTF8*$!
{
	archiveVersion = 1;
	classes = {
	};
	objectVersion = 70;
	objects = {

/* Begin PBXBuildFile section */
		750BD5582C59371500873CC2 /* YoutubeVideoView.swift in Sources */ = {isa = PBXBuildFile; fileRef = 750BD5572C59371500873CC2 /* YoutubeVideoView.swift */; };
		750EE8F32C60BFC900761D4D /* CoverImageView.swift in Sources */ = {isa = PBXBuildFile; fileRef = 750EE8F22C60BFC900761D4D /* CoverImageView.swift */; };
		7513DBDE2C599191007953F4 /* CharacterListView.swift in Sources */ = {isa = PBXBuildFile; fileRef = 7513DBDD2C599191007953F4 /* CharacterListView.swift */; };
		7513DBE02C59920C007953F4 /* CharacterListViewModel.swift in Sources */ = {isa = PBXBuildFile; fileRef = 7513DBDF2C59920C007953F4 /* CharacterListViewModel.swift */; };
		7513DBE22C599594007953F4 /* CharactersListCellView.swift in Sources */ = {isa = PBXBuildFile; fileRef = 7513DBE12C599594007953F4 /* CharactersListCellView.swift */; };
		7513DBE42C5998E6007953F4 /* CharacterDetailView.swift in Sources */ = {isa = PBXBuildFile; fileRef = 7513DBE32C5998E6007953F4 /* CharacterDetailView.swift */; };
		75140FA42C6CAFCB005B607C /* Localizable.xcstrings in Resources */ = {isa = PBXBuildFile; fileRef = 75140FA32C6CAFCB005B607C /* Localizable.xcstrings */; };
		75272B682C62093D00BA6699 /* AnimeService.swift in Sources */ = {isa = PBXBuildFile; fileRef = 75272B672C62093D00BA6699 /* AnimeService.swift */; };
		75272B6A2C62CD5A00BA6699 /* CharacterService.swift in Sources */ = {isa = PBXBuildFile; fileRef = 75272B692C62CD5A00BA6699 /* CharacterService.swift */; };
		75272B6C2C62D71900BA6699 /* DateUtil.swift in Sources */ = {isa = PBXBuildFile; fileRef = 75272B6B2C62D71900BA6699 /* DateUtil.swift */; };
		75356DDC2C75E92900132959 /* AnimeDetailContentView.swift in Sources */ = {isa = PBXBuildFile; fileRef = 75356DDB2C75E92900132959 /* AnimeDetailContentView.swift */; };
		75356DDE2C75EE1900132959 /* CharacterDetailContentView.swift in Sources */ = {isa = PBXBuildFile; fileRef = 75356DDD2C75EE1900132959 /* CharacterDetailContentView.swift */; };
		75356DE02C77B39D00132959 /* ErrorView.swift in Sources */ = {isa = PBXBuildFile; fileRef = 75356DDF2C77B39D00132959 /* ErrorView.swift */; };
		7548C1EC2C6E23AA0034F82A /* KikiLoadingView.swift in Sources */ = {isa = PBXBuildFile; fileRef = 7548C1EB2C6E23AA0034F82A /* KikiLoadingView.swift */; };
		7548C1EF2C6E35410034F82A /* Lottie in Frameworks */ = {isa = PBXBuildFile; productRef = 7548C1EE2C6E35410034F82A /* Lottie */; };
		7548C1F32C6F36E70034F82A /* LoadMoreView.swift in Sources */ = {isa = PBXBuildFile; fileRef = 7548C1F22C6F36E70034F82A /* LoadMoreView.swift */; };
		754913C72C47DB0300D09227 /* Nuke in Frameworks */ = {isa = PBXBuildFile; productRef = 754913C62C47DB0300D09227 /* Nuke */; };
		754913C92C47DB0300D09227 /* NukeExtensions in Frameworks */ = {isa = PBXBuildFile; productRef = 754913C82C47DB0300D09227 /* NukeExtensions */; };
		754913CB2C47DB0300D09227 /* NukeUI in Frameworks */ = {isa = PBXBuildFile; productRef = 754913CA2C47DB0300D09227 /* NukeUI */; };
		754913CD2C47DB0300D09227 /* NukeVideo in Frameworks */ = {isa = PBXBuildFile; productRef = 754913CC2C47DB0300D09227 /* NukeVideo */; };
		754913CF2C47E74C00D09227 /* RequestLoggingInterceptor.swift in Sources */ = {isa = PBXBuildFile; fileRef = 754913CE2C47E74C00D09227 /* RequestLoggingInterceptor.swift */; };
		754913D32C47ECE400D09227 /* ResponseLoggingInterceptor.swift in Sources */ = {isa = PBXBuildFile; fileRef = 754913D22C47ECE400D09227 /* ResponseLoggingInterceptor.swift */; };
		754913D52C47F27900D09227 /* NetworkInterceptorProvider.swift in Sources */ = {isa = PBXBuildFile; fileRef = 754913D42C47F27900D09227 /* NetworkInterceptorProvider.swift */; };
		755FB84D2C5E3B3F00C1652C /* ColorUtil.swift in Sources */ = {isa = PBXBuildFile; fileRef = 755FB84C2C5E3B3F00C1652C /* ColorUtil.swift */; };
		755FE0812CB40A0400ED9FA9 /* AnimeDetailViewModelTests.swift in Sources */ = {isa = PBXBuildFile; fileRef = 755FE0802CB409F100ED9FA9 /* AnimeDetailViewModelTests.swift */; };
		755FE0852CB506DD00ED9FA9 /* MockCharacterService.swift in Sources */ = {isa = PBXBuildFile; fileRef = 755FE0842CB506D800ED9FA9 /* MockCharacterService.swift */; };
		755FE0872CB5073200ED9FA9 /* CharacterServiceProtocol.swift in Sources */ = {isa = PBXBuildFile; fileRef = 755FE0862CB5072600ED9FA9 /* CharacterServiceProtocol.swift */; };
		755FE0892CB50B9500ED9FA9 /* CharacterListViewModelTests.swift in Sources */ = {isa = PBXBuildFile; fileRef = 755FE0882CB50B8200ED9FA9 /* CharacterListViewModelTests.swift */; };
		7569EF642C44930B00E3DAF1 /* TextUtil.swift in Sources */ = {isa = PBXBuildFile; fileRef = 7569EF632C44930B00E3DAF1 /* TextUtil.swift */; };
		75752F952C413D30000F447E /* AnilistAPI in Frameworks */ = {isa = PBXBuildFile; productRef = 75752F942C413D30000F447E /* AnilistAPI */; };
		75752F972C413F21000F447E /* Network.swift in Sources */ = {isa = PBXBuildFile; fileRef = 75752F962C413F21000F447E /* Network.swift */; };
		75752F992C414E05000F447E /* AnimeListViewModel.swift in Sources */ = {isa = PBXBuildFile; fileRef = 75752F982C414E05000F447E /* AnimeListViewModel.swift */; };
		75752F9B2C4155FF000F447E /* AnimeListRowView.swift in Sources */ = {isa = PBXBuildFile; fileRef = 75752F9A2C4155FF000F447E /* AnimeListRowView.swift */; };
		757BA5532C4C58D2007C0F2D /* CharacterGridView.swift in Sources */ = {isa = PBXBuildFile; fileRef = 757BA5522C4C58D2007C0F2D /* CharacterGridView.swift */; };
		757BA5562C4CFC86007C0F2D /* ImageView.swift in Sources */ = {isa = PBXBuildFile; fileRef = 757BA5552C4CFC86007C0F2D /* ImageView.swift */; };
		7585A3782C9D60F300C40CF7 /* AnimeListViewModelTests.swift in Sources */ = {isa = PBXBuildFile; fileRef = 7585A3772C9D60F300C40CF7 /* AnimeListViewModelTests.swift */; };
		7585A37A2C9D62A500C40CF7 /* MockAnimeService.swift in Sources */ = {isa = PBXBuildFile; fileRef = 7585A3792C9D62A500C40CF7 /* MockAnimeService.swift */; };
		75891AB92C5840100014E33A /* BannerImageView.swift in Sources */ = {isa = PBXBuildFile; fileRef = 75891AB82C5840100014E33A /* BannerImageView.swift */; };
		759FDE032C48FE9E00C85976 /* AnimeDetailViewModel.swift in Sources */ = {isa = PBXBuildFile; fileRef = 759FDE022C48FE9E00C85976 /* AnimeDetailViewModel.swift */; };
		75C45F332C6DF8BD001A7C65 /* netfox in Frameworks */ = {isa = PBXBuildFile; productRef = 75C45F322C6DF8BD001A7C65 /* netfox */; };
		75C657FB2CB94293009282A7 /* MockAnimeData.swift in Sources */ = {isa = PBXBuildFile; fileRef = 75C657FA2CB94287009282A7 /* MockAnimeData.swift */; };
		75C657FD2CB9480F009282A7 /* MockCharacterData.swift in Sources */ = {isa = PBXBuildFile; fileRef = 75C657FC2CB94803009282A7 /* MockCharacterData.swift */; };
		75C657FF2CB94B4F009282A7 /* CharacterDetailViewModelTests.swift in Sources */ = {isa = PBXBuildFile; fileRef = 75C657FE2CB94B32009282A7 /* CharacterDetailViewModelTests.swift */; };
		75C8134F2C9D739900B0D139 /* AnimeServiceProtocol.swift in Sources */ = {isa = PBXBuildFile; fileRef = 75C8134E2C9D739900B0D139 /* AnimeServiceProtocol.swift */; };
		75CF43C52C4109A9003D24F1 /* AnimeApp.swift in Sources */ = {isa = PBXBuildFile; fileRef = 75CF43C42C4109A9003D24F1 /* AnimeApp.swift */; };
		75CF43C92C4109AB003D24F1 /* Assets.xcassets in Resources */ = {isa = PBXBuildFile; fileRef = 75CF43C82C4109AB003D24F1 /* Assets.xcassets */; };
		75CF43CC2C4109AB003D24F1 /* Preview Assets.xcassets in Resources */ = {isa = PBXBuildFile; fileRef = 75CF43CB2C4109AB003D24F1 /* Preview Assets.xcassets */; };
		75CF43EB2C41111B003D24F1 /* TabbarView.swift in Sources */ = {isa = PBXBuildFile; fileRef = 75CF43EA2C41111B003D24F1 /* TabbarView.swift */; };
		75CF43ED2C41113D003D24F1 /* AnimeListView.swift in Sources */ = {isa = PBXBuildFile; fileRef = 75CF43EC2C41113D003D24F1 /* AnimeListView.swift */; };
		75CF43EF2C411168003D24F1 /* AnimeDetailView.swift in Sources */ = {isa = PBXBuildFile; fileRef = 75CF43EE2C411168003D24F1 /* AnimeDetailView.swift */; };
		75CF43F82C412DBA003D24F1 /* Apollo in Frameworks */ = {isa = PBXBuildFile; productRef = 75CF43F72C412DBA003D24F1 /* Apollo */; };
		75D1CF4E2C5EA83B0038095B /* CharacterDetailViewModel.swift in Sources */ = {isa = PBXBuildFile; fileRef = 75D1CF4D2C5EA83A0038095B /* CharacterDetailViewModel.swift */; };
		75D1CF502C5EC9810038095B /* CharacterInfoCellView.swift in Sources */ = {isa = PBXBuildFile; fileRef = 75D1CF4F2C5EC9810038095B /* CharacterInfoCellView.swift */; };
		75E310582C74CAB500977DFA /* Anime.swift in Sources */ = {isa = PBXBuildFile; fileRef = 75E310572C74CAB500977DFA /* Anime.swift */; };
		75E3105C2C74CB0B00977DFA /* AnimeDetail.swift in Sources */ = {isa = PBXBuildFile; fileRef = 75E3105B2C74CB0B00977DFA /* AnimeDetail.swift */; };
		75E3105E2C75C8C400977DFA /* Characters.swift in Sources */ = {isa = PBXBuildFile; fileRef = 75E3105D2C75C8C400977DFA /* Characters.swift */; };
		75E310602C75C8DA00977DFA /* CharacterDetail.swift in Sources */ = {isa = PBXBuildFile; fileRef = 75E3105F2C75C8DA00977DFA /* CharacterDetail.swift */; };
		75F3112D2C5FFB4F00B1CB2A /* CharacterAnimesRow.swift in Sources */ = {isa = PBXBuildFile; fileRef = 75F3112C2C5FFB4F00B1CB2A /* CharacterAnimesRow.swift */; };
		75F819F92C58FB7D00E82EED /* AnimeInfoCellView.swift in Sources */ = {isa = PBXBuildFile; fileRef = 75F819F82C58FB7D00E82EED /* AnimeInfoCellView.swift */; };
		75FAF2102C6F8EA300D17464 /* ViewState.swift in Sources */ = {isa = PBXBuildFile; fileRef = 75FAF20F2C6F8EA300D17464 /* ViewState.swift */; };
		75FAF2122C6FA72D00D17464 /* NoResultView.swift in Sources */ = {isa = PBXBuildFile; fileRef = 75FAF2112C6FA72D00D17464 /* NoResultView.swift */; };
		75FAF2142C6FCB6B00D17464 /* FontUtil.swift in Sources */ = {isa = PBXBuildFile; fileRef = 75FAF2132C6FCB6B00D17464 /* FontUtil.swift */; };
		75FAF22A2C6FCF3500D17464 /* Onest.ttf in Resources */ = {isa = PBXBuildFile; fileRef = 75FAF2292C6FCF3500D17464 /* Onest.ttf */; };
/* End PBXBuildFile section */

/* Begin PBXContainerItemProxy section */
		7585A36E2C9D5B6900C40CF7 /* PBXContainerItemProxy */ = {
			isa = PBXContainerItemProxy;
			containerPortal = 75CF43B92C4109A9003D24F1 /* Project object */;
			proxyType = 1;
			remoteGlobalIDString = 75CF43C02C4109A9003D24F1;
			remoteInfo = AnimeApp;
		};
		75C6584E2CBB3080009282A7 /* PBXContainerItemProxy */ = {
			isa = PBXContainerItemProxy;
			containerPortal = 75CF43B92C4109A9003D24F1 /* Project object */;
			proxyType = 1;
			remoteGlobalIDString = 75CF43C02C4109A9003D24F1;
			remoteInfo = AnimeApp;
		};
/* End PBXContainerItemProxy section */

/* Begin PBXFileReference section */
		7501A7432C7F5DF7005BA315 /* .gitignore */ = {isa = PBXFileReference; lastKnownFileType = text; path = .gitignore; sourceTree = "<group>"; };
		75096A112C86E0D900A656BD /* .swiftlint.yml */ = {isa = PBXFileReference; lastKnownFileType = text.yaml; path = .swiftlint.yml; sourceTree = "<group>"; };
		75096A122C86E0D900A656BD /* .swiftformat */ = {isa = PBXFileReference; lastKnownFileType = text; path = .swiftformat; sourceTree = "<group>"; };
		750BD5572C59371500873CC2 /* YoutubeVideoView.swift */ = {isa = PBXFileReference; lastKnownFileType = sourcecode.swift; path = YoutubeVideoView.swift; sourceTree = "<group>"; };
		750EE8F22C60BFC900761D4D /* CoverImageView.swift */ = {isa = PBXFileReference; lastKnownFileType = sourcecode.swift; path = CoverImageView.swift; sourceTree = "<group>"; };
		7513DBDD2C599191007953F4 /* CharacterListView.swift */ = {isa = PBXFileReference; lastKnownFileType = sourcecode.swift; path = CharacterListView.swift; sourceTree = "<group>"; };
		7513DBDF2C59920C007953F4 /* CharacterListViewModel.swift */ = {isa = PBXFileReference; lastKnownFileType = sourcecode.swift; path = CharacterListViewModel.swift; sourceTree = "<group>"; };
		7513DBE12C599594007953F4 /* CharactersListCellView.swift */ = {isa = PBXFileReference; lastKnownFileType = sourcecode.swift; path = CharactersListCellView.swift; sourceTree = "<group>"; };
		7513DBE32C5998E6007953F4 /* CharacterDetailView.swift */ = {isa = PBXFileReference; lastKnownFileType = sourcecode.swift; path = CharacterDetailView.swift; sourceTree = "<group>"; };
		75140FA32C6CAFCB005B607C /* Localizable.xcstrings */ = {isa = PBXFileReference; lastKnownFileType = text.json.xcstrings; path = Localizable.xcstrings; sourceTree = "<group>"; };
		75272B672C62093D00BA6699 /* AnimeService.swift */ = {isa = PBXFileReference; lastKnownFileType = sourcecode.swift; path = AnimeService.swift; sourceTree = "<group>"; };
		75272B692C62CD5A00BA6699 /* CharacterService.swift */ = {isa = PBXFileReference; lastKnownFileType = sourcecode.swift; path = CharacterService.swift; sourceTree = "<group>"; };
		75272B6B2C62D71900BA6699 /* DateUtil.swift */ = {isa = PBXFileReference; lastKnownFileType = sourcecode.swift; path = DateUtil.swift; sourceTree = "<group>"; };
		75356DDB2C75E92900132959 /* AnimeDetailContentView.swift */ = {isa = PBXFileReference; lastKnownFileType = sourcecode.swift; path = AnimeDetailContentView.swift; sourceTree = "<group>"; };
		75356DDD2C75EE1900132959 /* CharacterDetailContentView.swift */ = {isa = PBXFileReference; lastKnownFileType = sourcecode.swift; path = CharacterDetailContentView.swift; sourceTree = "<group>"; };
		75356DDF2C77B39D00132959 /* ErrorView.swift */ = {isa = PBXFileReference; lastKnownFileType = sourcecode.swift; path = ErrorView.swift; sourceTree = "<group>"; };
		7548C1EB2C6E23AA0034F82A /* KikiLoadingView.swift */ = {isa = PBXFileReference; lastKnownFileType = sourcecode.swift; path = KikiLoadingView.swift; sourceTree = "<group>"; };
		7548C1F22C6F36E70034F82A /* LoadMoreView.swift */ = {isa = PBXFileReference; lastKnownFileType = sourcecode.swift; path = LoadMoreView.swift; sourceTree = "<group>"; };
		754913CE2C47E74C00D09227 /* RequestLoggingInterceptor.swift */ = {isa = PBXFileReference; lastKnownFileType = sourcecode.swift; path = RequestLoggingInterceptor.swift; sourceTree = "<group>"; };
		754913D12C47EAEC00D09227 /* schema.graphqls */ = {isa = PBXFileReference; lastKnownFileType = text; path = schema.graphqls; sourceTree = "<group>"; };
		754913D22C47ECE400D09227 /* ResponseLoggingInterceptor.swift */ = {isa = PBXFileReference; lastKnownFileType = sourcecode.swift; path = ResponseLoggingInterceptor.swift; sourceTree = "<group>"; };
		754913D42C47F27900D09227 /* NetworkInterceptorProvider.swift */ = {isa = PBXFileReference; lastKnownFileType = sourcecode.swift; path = NetworkInterceptorProvider.swift; sourceTree = "<group>"; };
		755FB84C2C5E3B3F00C1652C /* ColorUtil.swift */ = {isa = PBXFileReference; lastKnownFileType = sourcecode.swift; path = ColorUtil.swift; sourceTree = "<group>"; };
		755FE0802CB409F100ED9FA9 /* AnimeDetailViewModelTests.swift */ = {isa = PBXFileReference; lastKnownFileType = sourcecode.swift; path = AnimeDetailViewModelTests.swift; sourceTree = "<group>"; };
		755FE0842CB506D800ED9FA9 /* MockCharacterService.swift */ = {isa = PBXFileReference; lastKnownFileType = sourcecode.swift; path = MockCharacterService.swift; sourceTree = "<group>"; };
		755FE0862CB5072600ED9FA9 /* CharacterServiceProtocol.swift */ = {isa = PBXFileReference; lastKnownFileType = sourcecode.swift; path = CharacterServiceProtocol.swift; sourceTree = "<group>"; };
		755FE0882CB50B8200ED9FA9 /* CharacterListViewModelTests.swift */ = {isa = PBXFileReference; lastKnownFileType = sourcecode.swift; path = CharacterListViewModelTests.swift; sourceTree = "<group>"; };
		756133462CBD0EC4005F591C /* AnimeApp-Test.xctestplan */ = {isa = PBXFileReference; lastKnownFileType = text; path = "AnimeApp-Test.xctestplan"; sourceTree = "<group>"; };
		7569EF632C44930B00E3DAF1 /* TextUtil.swift */ = {isa = PBXFileReference; lastKnownFileType = sourcecode.swift; path = TextUtil.swift; sourceTree = "<group>"; };
		75752F912C413AC8000F447E /* apollo-codegen-config.json */ = {isa = PBXFileReference; lastKnownFileType = text.json; path = "apollo-codegen-config.json"; sourceTree = SOURCE_ROOT; };
		75752F962C413F21000F447E /* Network.swift */ = {isa = PBXFileReference; lastKnownFileType = sourcecode.swift; path = Network.swift; sourceTree = "<group>"; };
		75752F982C414E05000F447E /* AnimeListViewModel.swift */ = {isa = PBXFileReference; lastKnownFileType = sourcecode.swift; path = AnimeListViewModel.swift; sourceTree = "<group>"; };
		75752F9A2C4155FF000F447E /* AnimeListRowView.swift */ = {isa = PBXFileReference; lastKnownFileType = sourcecode.swift; path = AnimeListRowView.swift; sourceTree = "<group>"; };
		757BA5522C4C58D2007C0F2D /* CharacterGridView.swift */ = {isa = PBXFileReference; lastKnownFileType = sourcecode.swift; path = CharacterGridView.swift; sourceTree = "<group>"; };
		757BA5552C4CFC86007C0F2D /* ImageView.swift */ = {isa = PBXFileReference; lastKnownFileType = sourcecode.swift; path = ImageView.swift; sourceTree = "<group>"; };
		7585A36A2C9D5B6900C40CF7 /* AnimeAppTests.xctest */ = {isa = PBXFileReference; explicitFileType = wrapper.cfbundle; includeInIndex = 0; path = AnimeAppTests.xctest; sourceTree = BUILT_PRODUCTS_DIR; };
		7585A3772C9D60F300C40CF7 /* AnimeListViewModelTests.swift */ = {isa = PBXFileReference; lastKnownFileType = sourcecode.swift; path = AnimeListViewModelTests.swift; sourceTree = "<group>"; };
		7585A3792C9D62A500C40CF7 /* MockAnimeService.swift */ = {isa = PBXFileReference; lastKnownFileType = sourcecode.swift; path = MockAnimeService.swift; sourceTree = "<group>"; };
		75891AB82C5840100014E33A /* BannerImageView.swift */ = {isa = PBXFileReference; lastKnownFileType = sourcecode.swift; path = BannerImageView.swift; sourceTree = "<group>"; };
		759FDE022C48FE9E00C85976 /* AnimeDetailViewModel.swift */ = {isa = PBXFileReference; lastKnownFileType = sourcecode.swift; path = AnimeDetailViewModel.swift; sourceTree = "<group>"; };
		75C657FA2CB94287009282A7 /* MockAnimeData.swift */ = {isa = PBXFileReference; lastKnownFileType = sourcecode.swift; path = MockAnimeData.swift; sourceTree = "<group>"; };
		75C657FC2CB94803009282A7 /* MockCharacterData.swift */ = {isa = PBXFileReference; lastKnownFileType = sourcecode.swift; path = MockCharacterData.swift; sourceTree = "<group>"; };
		75C657FE2CB94B32009282A7 /* CharacterDetailViewModelTests.swift */ = {isa = PBXFileReference; lastKnownFileType = sourcecode.swift; path = CharacterDetailViewModelTests.swift; sourceTree = "<group>"; };
		75C658482CBB307F009282A7 /* AnimeAppUITests.xctest */ = {isa = PBXFileReference; explicitFileType = wrapper.cfbundle; includeInIndex = 0; path = AnimeAppUITests.xctest; sourceTree = BUILT_PRODUCTS_DIR; };
		75C8134E2C9D739900B0D139 /* AnimeServiceProtocol.swift */ = {isa = PBXFileReference; lastKnownFileType = sourcecode.swift; path = AnimeServiceProtocol.swift; sourceTree = "<group>"; };
		75CF43C12C4109A9003D24F1 /* AnimeApp.app */ = {isa = PBXFileReference; explicitFileType = wrapper.application; includeInIndex = 0; path = AnimeApp.app; sourceTree = BUILT_PRODUCTS_DIR; };
		75CF43C42C4109A9003D24F1 /* AnimeApp.swift */ = {isa = PBXFileReference; lastKnownFileType = sourcecode.swift; path = AnimeApp.swift; sourceTree = "<group>"; };
		75CF43C82C4109AB003D24F1 /* Assets.xcassets */ = {isa = PBXFileReference; lastKnownFileType = folder.assetcatalog; path = Assets.xcassets; sourceTree = "<group>"; };
		75CF43CB2C4109AB003D24F1 /* Preview Assets.xcassets */ = {isa = PBXFileReference; lastKnownFileType = folder.assetcatalog; path = "Preview Assets.xcassets"; sourceTree = "<group>"; };
		75CF43EA2C41111B003D24F1 /* TabbarView.swift */ = {isa = PBXFileReference; lastKnownFileType = sourcecode.swift; path = TabbarView.swift; sourceTree = "<group>"; };
		75CF43EC2C41113D003D24F1 /* AnimeListView.swift */ = {isa = PBXFileReference; lastKnownFileType = sourcecode.swift; path = AnimeListView.swift; sourceTree = "<group>"; };
		75CF43EE2C411168003D24F1 /* AnimeDetailView.swift */ = {isa = PBXFileReference; lastKnownFileType = sourcecode.swift; path = AnimeDetailView.swift; sourceTree = "<group>"; };
		75CF44052C41386B003D24F1 /* Query.graphql */ = {isa = PBXFileReference; lastKnownFileType = text; path = Query.graphql; sourceTree = "<group>"; };
		75D1CF4D2C5EA83A0038095B /* CharacterDetailViewModel.swift */ = {isa = PBXFileReference; lastKnownFileType = sourcecode.swift; path = CharacterDetailViewModel.swift; sourceTree = "<group>"; };
		75D1CF4F2C5EC9810038095B /* CharacterInfoCellView.swift */ = {isa = PBXFileReference; lastKnownFileType = sourcecode.swift; path = CharacterInfoCellView.swift; sourceTree = "<group>"; };
		75D5A90D2C65F4240059C5B0 /* Info.plist */ = {isa = PBXFileReference; lastKnownFileType = text.plist; path = Info.plist; sourceTree = "<group>"; };
		75E310572C74CAB500977DFA /* Anime.swift */ = {isa = PBXFileReference; lastKnownFileType = sourcecode.swift; path = Anime.swift; sourceTree = "<group>"; };
		75E3105B2C74CB0B00977DFA /* AnimeDetail.swift */ = {isa = PBXFileReference; lastKnownFileType = sourcecode.swift; path = AnimeDetail.swift; sourceTree = "<group>"; };
		75E3105D2C75C8C400977DFA /* Characters.swift */ = {isa = PBXFileReference; lastKnownFileType = sourcecode.swift; path = Characters.swift; sourceTree = "<group>"; };
		75E3105F2C75C8DA00977DFA /* CharacterDetail.swift */ = {isa = PBXFileReference; lastKnownFileType = sourcecode.swift; path = CharacterDetail.swift; sourceTree = "<group>"; };
		75F3112C2C5FFB4F00B1CB2A /* CharacterAnimesRow.swift */ = {isa = PBXFileReference; lastKnownFileType = sourcecode.swift; path = CharacterAnimesRow.swift; sourceTree = "<group>"; };
		75F819F82C58FB7D00E82EED /* AnimeInfoCellView.swift */ = {isa = PBXFileReference; lastKnownFileType = sourcecode.swift; path = AnimeInfoCellView.swift; sourceTree = "<group>"; };
		75FAF20F2C6F8EA300D17464 /* ViewState.swift */ = {isa = PBXFileReference; lastKnownFileType = sourcecode.swift; path = ViewState.swift; sourceTree = "<group>"; };
		75FAF2112C6FA72D00D17464 /* NoResultView.swift */ = {isa = PBXFileReference; lastKnownFileType = sourcecode.swift; path = NoResultView.swift; sourceTree = "<group>"; };
		75FAF2132C6FCB6B00D17464 /* FontUtil.swift */ = {isa = PBXFileReference; lastKnownFileType = sourcecode.swift; path = FontUtil.swift; sourceTree = "<group>"; };
		75FAF2292C6FCF3500D17464 /* Onest.ttf */ = {isa = PBXFileReference; lastKnownFileType = file; path = Onest.ttf; sourceTree = "<group>"; };
/* End PBXFileReference section */

/* Begin PBXFileSystemSynchronizedRootGroup section */
		75C658492CBB3080009282A7 /* AnimeAppUITests */ = {isa = PBXFileSystemSynchronizedRootGroup; explicitFileTypes = {}; explicitFolders = (); path = AnimeAppUITests; sourceTree = "<group>"; };
/* End PBXFileSystemSynchronizedRootGroup section */

/* Begin PBXFrameworksBuildPhase section */
		7585A3672C9D5B6900C40CF7 /* Frameworks */ = {
			isa = PBXFrameworksBuildPhase;
			buildActionMask = 2147483647;
			files = (
			);
			runOnlyForDeploymentPostprocessing = 0;
		};
		75C658452CBB307F009282A7 /* Frameworks */ = {
			isa = PBXFrameworksBuildPhase;
			buildActionMask = 2147483647;
			files = (
			);
			runOnlyForDeploymentPostprocessing = 0;
		};
		75CF43BE2C4109A9003D24F1 /* Frameworks */ = {
			isa = PBXFrameworksBuildPhase;
			buildActionMask = 2147483647;
			files = (
				754913CB2C47DB0300D09227 /* NukeUI in Frameworks */,
				754913CD2C47DB0300D09227 /* NukeVideo in Frameworks */,
				754913C72C47DB0300D09227 /* Nuke in Frameworks */,
				754913C92C47DB0300D09227 /* NukeExtensions in Frameworks */,
				75C45F332C6DF8BD001A7C65 /* netfox in Frameworks */,
				75752F952C413D30000F447E /* AnilistAPI in Frameworks */,
				75CF43F82C412DBA003D24F1 /* Apollo in Frameworks */,
				7548C1EF2C6E35410034F82A /* Lottie in Frameworks */,
			);
			runOnlyForDeploymentPostprocessing = 0;
		};
/* End PBXFrameworksBuildPhase section */

/* Begin PBXGroup section */
		7513DBDA2C5990E2007953F4 /* Characters */ = {
			isa = PBXGroup;
			children = (
				7513DBDB2C599106007953F4 /* List */,
				7513DBDC2C599116007953F4 /* Detail */,
			);
			path = Characters;
			sourceTree = "<group>";
		};
		7513DBDB2C599106007953F4 /* List */ = {
			isa = PBXGroup;
			children = (
				7513DBDD2C599191007953F4 /* CharacterListView.swift */,
				7513DBE12C599594007953F4 /* CharactersListCellView.swift */,
				7513DBDF2C59920C007953F4 /* CharacterListViewModel.swift */,
			);
			path = List;
			sourceTree = "<group>";
		};
		7513DBDC2C599116007953F4 /* Detail */ = {
			isa = PBXGroup;
			children = (
				7513DBE32C5998E6007953F4 /* CharacterDetailView.swift */,
				75356DDD2C75EE1900132959 /* CharacterDetailContentView.swift */,
				75F3112C2C5FFB4F00B1CB2A /* CharacterAnimesRow.swift */,
				75D1CF4F2C5EC9810038095B /* CharacterInfoCellView.swift */,
				75D1CF4D2C5EA83A0038095B /* CharacterDetailViewModel.swift */,
			);
			path = Detail;
			sourceTree = "<group>";
		};
		7569EF622C4492D800E3DAF1 /* Util */ = {
			isa = PBXGroup;
			children = (
				7569EF632C44930B00E3DAF1 /* TextUtil.swift */,
				755FB84C2C5E3B3F00C1652C /* ColorUtil.swift */,
				75272B6B2C62D71900BA6699 /* DateUtil.swift */,
				75FAF2132C6FCB6B00D17464 /* FontUtil.swift */,
			);
			path = Util;
			sourceTree = "<group>";
		};
		757BA5542C4CFC07007C0F2D /* Shared */ = {
			isa = PBXGroup;
			children = (
				757BA5552C4CFC86007C0F2D /* ImageView.swift */,
				75891AB82C5840100014E33A /* BannerImageView.swift */,
				750BD5572C59371500873CC2 /* YoutubeVideoView.swift */,
				7548C1EB2C6E23AA0034F82A /* KikiLoadingView.swift */,
				7548C1F22C6F36E70034F82A /* LoadMoreView.swift */,
				75FAF2112C6FA72D00D17464 /* NoResultView.swift */,
				75356DDF2C77B39D00132959 /* ErrorView.swift */,
			);
			path = Shared;
			sourceTree = "<group>";
		};
		7585A36B2C9D5B6900C40CF7 /* AnimeAppTests */ = {
			isa = PBXGroup;
			children = (
				7585A3762C9D606500C40CF7 /* Characters */,
				7585A3752C9D605E00C40CF7 /* Animes */,
			);
			path = AnimeAppTests;
			sourceTree = "<group>";
		};
		7585A3752C9D605E00C40CF7 /* Animes */ = {
			isa = PBXGroup;
			children = (
				7585A3772C9D60F300C40CF7 /* AnimeListViewModelTests.swift */,
				755FE0802CB409F100ED9FA9 /* AnimeDetailViewModelTests.swift */,
				75C657FA2CB94287009282A7 /* MockAnimeData.swift */,
				7585A3792C9D62A500C40CF7 /* MockAnimeService.swift */,
			);
			path = Animes;
			sourceTree = "<group>";
		};
		7585A3762C9D606500C40CF7 /* Characters */ = {
			isa = PBXGroup;
			children = (
				755FE0882CB50B8200ED9FA9 /* CharacterListViewModelTests.swift */,
				75C657FE2CB94B32009282A7 /* CharacterDetailViewModelTests.swift */,
				75C657FC2CB94803009282A7 /* MockCharacterData.swift */,
				755FE0842CB506D800ED9FA9 /* MockCharacterService.swift */,
			);
			path = Characters;
			sourceTree = "<group>";
		};
		75CF43B82C4109A9003D24F1 = {
			isa = PBXGroup;
			children = (
				756133462CBD0EC4005F591C /* AnimeApp-Test.xctestplan */,
				75096A122C86E0D900A656BD /* .swiftformat */,
				75096A112C86E0D900A656BD /* .swiftlint.yml */,
				75752F912C413AC8000F447E /* apollo-codegen-config.json */,
				7501A7432C7F5DF7005BA315 /* .gitignore */,
				75CF43C32C4109A9003D24F1 /* AnimeApp */,
				7585A36B2C9D5B6900C40CF7 /* AnimeAppTests */,
				75C658492CBB3080009282A7 /* AnimeAppUITests */,
				75CF43C22C4109A9003D24F1 /* Products */,
			);
			sourceTree = "<group>";
		};
		75CF43C22C4109A9003D24F1 /* Products */ = {
			isa = PBXGroup;
			children = (
				75CF43C12C4109A9003D24F1 /* AnimeApp.app */,
				7585A36A2C9D5B6900C40CF7 /* AnimeAppTests.xctest */,
				75C658482CBB307F009282A7 /* AnimeAppUITests.xctest */,
			);
			name = Products;
			sourceTree = "<group>";
		};
		75CF43C32C4109A9003D24F1 /* AnimeApp */ = {
			isa = PBXGroup;
			children = (
				75D5A90D2C65F4240059C5B0 /* Info.plist */,
				75CF43C42C4109A9003D24F1 /* AnimeApp.swift */,
				75CF43D32C410BF3003D24F1 /* Pages */,
				7569EF622C4492D800E3DAF1 /* Util */,
				757BA5542C4CFC07007C0F2D /* Shared */,
				75FAF20D2C6F8E7A00D17464 /* Model */,
				75FB123C2C56EA8D0030554A /* Services */,
				75CF44032C412EED003D24F1 /* GraphQL */,
				75CF43C82C4109AB003D24F1 /* Assets.xcassets */,
				75FAF2152C6FCE1200D17464 /* Fonts */,
				75CF43CA2C4109AB003D24F1 /* Preview Content */,
				75140FA32C6CAFCB005B607C /* Localizable.xcstrings */,
			);
			path = AnimeApp;
			sourceTree = "<group>";
		};
		75CF43CA2C4109AB003D24F1 /* Preview Content */ = {
			isa = PBXGroup;
			children = (
				75CF43CB2C4109AB003D24F1 /* Preview Assets.xcassets */,
			);
			path = "Preview Content";
			sourceTree = "<group>";
		};
		75CF43D32C410BF3003D24F1 /* Pages */ = {
			isa = PBXGroup;
			children = (
				75CF43D42C410C09003D24F1 /* Tabbar */,
				75CF43D52C410C2A003D24F1 /* Animes */,
				7513DBDA2C5990E2007953F4 /* Characters */,
			);
			path = Pages;
			sourceTree = "<group>";
		};
		75CF43D42C410C09003D24F1 /* Tabbar */ = {
			isa = PBXGroup;
			children = (
				75CF43EA2C41111B003D24F1 /* TabbarView.swift */,
			);
			path = Tabbar;
			sourceTree = "<group>";
		};
		75CF43D52C410C2A003D24F1 /* Animes */ = {
			isa = PBXGroup;
			children = (
				75CF43D62C410C57003D24F1 /* List */,
				75CF43D72C410C5E003D24F1 /* Detail */,
			);
			path = Animes;
			sourceTree = "<group>";
		};
		75CF43D62C410C57003D24F1 /* List */ = {
			isa = PBXGroup;
			children = (
				75CF43EC2C41113D003D24F1 /* AnimeListView.swift */,
				75752F9A2C4155FF000F447E /* AnimeListRowView.swift */,
				75752F982C414E05000F447E /* AnimeListViewModel.swift */,
			);
			path = List;
			sourceTree = "<group>";
		};
		75CF43D72C410C5E003D24F1 /* Detail */ = {
			isa = PBXGroup;
			children = (
				75CF43EE2C411168003D24F1 /* AnimeDetailView.swift */,
				75356DDB2C75E92900132959 /* AnimeDetailContentView.swift */,
				750EE8F22C60BFC900761D4D /* CoverImageView.swift */,
				75F819F82C58FB7D00E82EED /* AnimeInfoCellView.swift */,
				757BA5522C4C58D2007C0F2D /* CharacterGridView.swift */,
				759FDE022C48FE9E00C85976 /* AnimeDetailViewModel.swift */,
			);
			path = Detail;
			sourceTree = "<group>";
		};
		75CF44032C412EED003D24F1 /* GraphQL */ = {
			isa = PBXGroup;
			children = (
				75CF44052C41386B003D24F1 /* Query.graphql */,
				754913D12C47EAEC00D09227 /* schema.graphqls */,
				75752F962C413F21000F447E /* Network.swift */,
				754913CE2C47E74C00D09227 /* RequestLoggingInterceptor.swift */,
				754913D22C47ECE400D09227 /* ResponseLoggingInterceptor.swift */,
				754913D42C47F27900D09227 /* NetworkInterceptorProvider.swift */,
			);
			path = GraphQL;
			sourceTree = "<group>";
		};
		75FAF20D2C6F8E7A00D17464 /* Model */ = {
			isa = PBXGroup;
			children = (
				75E310572C74CAB500977DFA /* Anime.swift */,
				75E3105B2C74CB0B00977DFA /* AnimeDetail.swift */,
				75E3105D2C75C8C400977DFA /* Characters.swift */,
				75E3105F2C75C8DA00977DFA /* CharacterDetail.swift */,
				75FAF20E2C6F8E8E00D17464 /* Enums */,
			);
			path = Model;
			sourceTree = "<group>";
		};
		75FAF20E2C6F8E8E00D17464 /* Enums */ = {
			isa = PBXGroup;
			children = (
				75FAF20F2C6F8EA300D17464 /* ViewState.swift */,
			);
			path = Enums;
			sourceTree = "<group>";
		};
		75FAF2152C6FCE1200D17464 /* Fonts */ = {
			isa = PBXGroup;
			children = (
				75FAF2162C6FCE2A00D17464 /* Onest */,
			);
			path = Fonts;
			sourceTree = "<group>";
		};
		75FAF2162C6FCE2A00D17464 /* Onest */ = {
			isa = PBXGroup;
			children = (
				75FAF2292C6FCF3500D17464 /* Onest.ttf */,
			);
			path = Onest;
			sourceTree = "<group>";
		};
		75FB123C2C56EA8D0030554A /* Services */ = {
			isa = PBXGroup;
			children = (
				75272B672C62093D00BA6699 /* AnimeService.swift */,
				75272B692C62CD5A00BA6699 /* CharacterService.swift */,
				75C8134E2C9D739900B0D139 /* AnimeServiceProtocol.swift */,
				755FE0862CB5072600ED9FA9 /* CharacterServiceProtocol.swift */,
			);
			path = Services;
			sourceTree = "<group>";
		};
/* End PBXGroup section */

/* Begin PBXNativeTarget section */
		7585A3692C9D5B6900C40CF7 /* AnimeAppTests */ = {
			isa = PBXNativeTarget;
			buildConfigurationList = 7585A3742C9D5B6900C40CF7 /* Build configuration list for PBXNativeTarget "AnimeAppTests" */;
			buildPhases = (
				7585A3662C9D5B6900C40CF7 /* Sources */,
				7585A3672C9D5B6900C40CF7 /* Frameworks */,
				7585A3682C9D5B6900C40CF7 /* Resources */,
			);
			buildRules = (
			);
			dependencies = (
				7585A36F2C9D5B6900C40CF7 /* PBXTargetDependency */,
			);
			name = AnimeAppTests;
			productName = AnimeAppTests;
			productReference = 7585A36A2C9D5B6900C40CF7 /* AnimeAppTests.xctest */;
			productType = "com.apple.product-type.bundle.unit-test";
		};
		75C658472CBB307F009282A7 /* AnimeAppUITests */ = {
			isa = PBXNativeTarget;
			buildConfigurationList = 75C658502CBB3080009282A7 /* Build configuration list for PBXNativeTarget "AnimeAppUITests" */;
			buildPhases = (
				75C658442CBB307F009282A7 /* Sources */,
				75C658452CBB307F009282A7 /* Frameworks */,
				75C658462CBB307F009282A7 /* Resources */,
			);
			buildRules = (
			);
			dependencies = (
				75C6584F2CBB3080009282A7 /* PBXTargetDependency */,
			);
			fileSystemSynchronizedGroups = (
				75C658492CBB3080009282A7 /* AnimeAppUITests */,
			);
			name = AnimeAppUITests;
			packageProductDependencies = (
			);
			productName = AnimeAppUITests;
			productReference = 75C658482CBB307F009282A7 /* AnimeAppUITests.xctest */;
			productType = "com.apple.product-type.bundle.ui-testing";
		};
		75CF43C02C4109A9003D24F1 /* AnimeApp */ = {
			isa = PBXNativeTarget;
			buildConfigurationList = 75CF43CF2C4109AB003D24F1 /* Build configuration list for PBXNativeTarget "AnimeApp" */;
			buildPhases = (
				75096A0F2C86DE7100A656BD /* Run Script Swiftformat */,
				75096A102C86DEC000A656BD /* Run Script Swiftlint */,
				75CF43BD2C4109A9003D24F1 /* Sources */,
				75CF43BE2C4109A9003D24F1 /* Frameworks */,
				75CF43BF2C4109A9003D24F1 /* Resources */,
			);
			buildRules = (
			);
			dependencies = (
			);
			name = AnimeApp;
			packageProductDependencies = (
				75CF43F72C412DBA003D24F1 /* Apollo */,
				75752F942C413D30000F447E /* AnilistAPI */,
				754913C62C47DB0300D09227 /* Nuke */,
				754913C82C47DB0300D09227 /* NukeExtensions */,
				754913CA2C47DB0300D09227 /* NukeUI */,
				754913CC2C47DB0300D09227 /* NukeVideo */,
				75C45F322C6DF8BD001A7C65 /* netfox */,
				7548C1EE2C6E35410034F82A /* Lottie */,
			);
			productName = AnimeApp;
			productReference = 75CF43C12C4109A9003D24F1 /* AnimeApp.app */;
			productType = "com.apple.product-type.application";
		};
/* End PBXNativeTarget section */

/* Begin PBXProject section */
		75CF43B92C4109A9003D24F1 /* Project object */ = {
			isa = PBXProject;
			attributes = {
				BuildIndependentTargetsInParallel = 1;
				LastSwiftUpdateCheck = 1600;
				LastUpgradeCheck = 1520;
				TargetAttributes = {
					7585A3692C9D5B6900C40CF7 = {
						CreatedOnToolsVersion = 15.4;
						TestTargetID = 75CF43C02C4109A9003D24F1;
					};
					75C658472CBB307F009282A7 = {
						CreatedOnToolsVersion = 16.0;
						TestTargetID = 75CF43C02C4109A9003D24F1;
					};
					75CF43C02C4109A9003D24F1 = {
						CreatedOnToolsVersion = 15.2;
					};
				};
			};
			buildConfigurationList = 75CF43BC2C4109A9003D24F1 /* Build configuration list for PBXProject "AnimeApp" */;
			compatibilityVersion = "Xcode 14.0";
			developmentRegion = en;
			hasScannedForEncodings = 0;
			knownRegions = (
				en,
				Base,
				tr,
				ja,
			);
			mainGroup = 75CF43B82C4109A9003D24F1;
			packageReferences = (
				75CF43F62C412DBA003D24F1 /* XCRemoteSwiftPackageReference "apollo-ios" */,
				75752F932C413D30000F447E /* XCLocalSwiftPackageReference "AnilistAPI" */,
				754913C52C47DB0300D09227 /* XCRemoteSwiftPackageReference "Nuke" */,
				75C45F312C6DF8BD001A7C65 /* XCRemoteSwiftPackageReference "netfox" */,
				7548C1ED2C6E35410034F82A /* XCRemoteSwiftPackageReference "lottie-ios" */,
			);
			productRefGroup = 75CF43C22C4109A9003D24F1 /* Products */;
			projectDirPath = "";
			projectRoot = "";
			targets = (
				75CF43C02C4109A9003D24F1 /* AnimeApp */,
				7585A3692C9D5B6900C40CF7 /* AnimeAppTests */,
				75C658472CBB307F009282A7 /* AnimeAppUITests */,
			);
		};
/* End PBXProject section */

/* Begin PBXResourcesBuildPhase section */
		7585A3682C9D5B6900C40CF7 /* Resources */ = {
			isa = PBXResourcesBuildPhase;
			buildActionMask = 2147483647;
			files = (
			);
			runOnlyForDeploymentPostprocessing = 0;
		};
		75C658462CBB307F009282A7 /* Resources */ = {
			isa = PBXResourcesBuildPhase;
			buildActionMask = 2147483647;
			files = (
			);
			runOnlyForDeploymentPostprocessing = 0;
		};
		75CF43BF2C4109A9003D24F1 /* Resources */ = {
			isa = PBXResourcesBuildPhase;
			buildActionMask = 2147483647;
			files = (
				75CF43CC2C4109AB003D24F1 /* Preview Assets.xcassets in Resources */,
				75140FA42C6CAFCB005B607C /* Localizable.xcstrings in Resources */,
				75CF43C92C4109AB003D24F1 /* Assets.xcassets in Resources */,
				75FAF22A2C6FCF3500D17464 /* Onest.ttf in Resources */,
			);
			runOnlyForDeploymentPostprocessing = 0;
		};
/* End PBXResourcesBuildPhase section */

/* Begin PBXShellScriptBuildPhase section */
		75096A0F2C86DE7100A656BD /* Run Script Swiftformat */ = {
			isa = PBXShellScriptBuildPhase;
			alwaysOutOfDate = 1;
			buildActionMask = 2147483647;
			files = (
			);
			inputFileListPaths = (
			);
			inputPaths = (
			);
			name = "Run Script Swiftformat";
			outputFileListPaths = (
			);
			outputPaths = (
			);
			runOnlyForDeploymentPostprocessing = 0;
			shellPath = /bin/sh;
			shellScript = "   export PATH=\"$PATH:/opt/homebrew/bin\"\n   if which swiftformat >/dev/null; then\n     swiftformat .\n   else\n     echo \"warning: SwiftFormat not installed, download from https://github.com/nicklockwood/SwiftFormat\"\n   fi\n";
		};
		75096A102C86DEC000A656BD /* Run Script Swiftlint */ = {
			isa = PBXShellScriptBuildPhase;
			alwaysOutOfDate = 1;
			buildActionMask = 2147483647;
			files = (
			);
			inputFileListPaths = (
			);
			inputPaths = (
			);
			name = "Run Script Swiftlint";
			outputFileListPaths = (
			);
			outputPaths = (
			);
			runOnlyForDeploymentPostprocessing = 0;
			shellPath = /bin/sh;
			shellScript = "export PATH=\"/opt/homebrew/bin:$PATH\"\nif which swiftlint > /dev/null; then\n swiftlint\nelse\n echo \"warning: SwiftLint not installed, download from https://github.com/realm/SwiftLint\"\nfi\n";
		};
/* End PBXShellScriptBuildPhase section */

/* Begin PBXSourcesBuildPhase section */
		7585A3662C9D5B6900C40CF7 /* Sources */ = {
			isa = PBXSourcesBuildPhase;
			buildActionMask = 2147483647;
			files = (
				7585A37A2C9D62A500C40CF7 /* MockAnimeService.swift in Sources */,
				7585A3782C9D60F300C40CF7 /* AnimeListViewModelTests.swift in Sources */,
				755FE0852CB506DD00ED9FA9 /* MockCharacterService.swift in Sources */,
				755FE0812CB40A0400ED9FA9 /* AnimeDetailViewModelTests.swift in Sources */,
				75C657FD2CB9480F009282A7 /* MockCharacterData.swift in Sources */,
				75C657FF2CB94B4F009282A7 /* CharacterDetailViewModelTests.swift in Sources */,
				75C657FB2CB94293009282A7 /* MockAnimeData.swift in Sources */,
				755FE0892CB50B9500ED9FA9 /* CharacterListViewModelTests.swift in Sources */,
			);
			runOnlyForDeploymentPostprocessing = 0;
		};
		75C658442CBB307F009282A7 /* Sources */ = {
			isa = PBXSourcesBuildPhase;
			buildActionMask = 2147483647;
			files = (
			);
			runOnlyForDeploymentPostprocessing = 0;
		};
		75CF43BD2C4109A9003D24F1 /* Sources */ = {
			isa = PBXSourcesBuildPhase;
			buildActionMask = 2147483647;
			files = (
				7548C1EC2C6E23AA0034F82A /* KikiLoadingView.swift in Sources */,
				755FE0872CB5073200ED9FA9 /* CharacterServiceProtocol.swift in Sources */,
				75F819F92C58FB7D00E82EED /* AnimeInfoCellView.swift in Sources */,
				75356DDE2C75EE1900132959 /* CharacterDetailContentView.swift in Sources */,
				757BA5532C4C58D2007C0F2D /* CharacterGridView.swift in Sources */,
				75272B6A2C62CD5A00BA6699 /* CharacterService.swift in Sources */,
				7513DBDE2C599191007953F4 /* CharacterListView.swift in Sources */,
				75FAF2122C6FA72D00D17464 /* NoResultView.swift in Sources */,
				759FDE032C48FE9E00C85976 /* AnimeDetailViewModel.swift in Sources */,
				750EE8F32C60BFC900761D4D /* CoverImageView.swift in Sources */,
				75E310582C74CAB500977DFA /* Anime.swift in Sources */,
				755FB84D2C5E3B3F00C1652C /* ColorUtil.swift in Sources */,
				7513DBE22C599594007953F4 /* CharactersListCellView.swift in Sources */,
				75891AB92C5840100014E33A /* BannerImageView.swift in Sources */,
				75CF43EF2C411168003D24F1 /* AnimeDetailView.swift in Sources */,
				754913CF2C47E74C00D09227 /* RequestLoggingInterceptor.swift in Sources */,
				754913D52C47F27900D09227 /* NetworkInterceptorProvider.swift in Sources */,
				75CF43EB2C41111B003D24F1 /* TabbarView.swift in Sources */,
				757BA5562C4CFC86007C0F2D /* ImageView.swift in Sources */,
				7513DBE02C59920C007953F4 /* CharacterListViewModel.swift in Sources */,
				7513DBE42C5998E6007953F4 /* CharacterDetailView.swift in Sources */,
				750BD5582C59371500873CC2 /* YoutubeVideoView.swift in Sources */,
				75272B682C62093D00BA6699 /* AnimeService.swift in Sources */,
				75356DE02C77B39D00132959 /* ErrorView.swift in Sources */,
				75752F972C413F21000F447E /* Network.swift in Sources */,
				7569EF642C44930B00E3DAF1 /* TextUtil.swift in Sources */,
				75FAF2102C6F8EA300D17464 /* ViewState.swift in Sources */,
				754913D32C47ECE400D09227 /* ResponseLoggingInterceptor.swift in Sources */,
				75272B6C2C62D71900BA6699 /* DateUtil.swift in Sources */,
				75356DDC2C75E92900132959 /* AnimeDetailContentView.swift in Sources */,
				75752F9B2C4155FF000F447E /* AnimeListRowView.swift in Sources */,
				75C8134F2C9D739900B0D139 /* AnimeServiceProtocol.swift in Sources */,
				75E3105C2C74CB0B00977DFA /* AnimeDetail.swift in Sources */,
				75CF43C52C4109A9003D24F1 /* AnimeApp.swift in Sources */,
				75D1CF502C5EC9810038095B /* CharacterInfoCellView.swift in Sources */,
				7548C1F32C6F36E70034F82A /* LoadMoreView.swift in Sources */,
				75FAF2142C6FCB6B00D17464 /* FontUtil.swift in Sources */,
				75D1CF4E2C5EA83B0038095B /* CharacterDetailViewModel.swift in Sources */,
				75752F992C414E05000F447E /* AnimeListViewModel.swift in Sources */,
				75CF43ED2C41113D003D24F1 /* AnimeListView.swift in Sources */,
				75E310602C75C8DA00977DFA /* CharacterDetail.swift in Sources */,
				75F3112D2C5FFB4F00B1CB2A /* CharacterAnimesRow.swift in Sources */,
				75E3105E2C75C8C400977DFA /* Characters.swift in Sources */,
			);
			runOnlyForDeploymentPostprocessing = 0;
		};
/* End PBXSourcesBuildPhase section */

/* Begin PBXTargetDependency section */
		7585A36F2C9D5B6900C40CF7 /* PBXTargetDependency */ = {
			isa = PBXTargetDependency;
			target = 75CF43C02C4109A9003D24F1 /* AnimeApp */;
			targetProxy = 7585A36E2C9D5B6900C40CF7 /* PBXContainerItemProxy */;
		};
		75C6584F2CBB3080009282A7 /* PBXTargetDependency */ = {
			isa = PBXTargetDependency;
			target = 75CF43C02C4109A9003D24F1 /* AnimeApp */;
			targetProxy = 75C6584E2CBB3080009282A7 /* PBXContainerItemProxy */;
		};
/* End PBXTargetDependency section */

/* Begin XCBuildConfiguration section */
		7528A4B62C95F3ED002787EB /* Debug-Test */ = {
			isa = XCBuildConfiguration;
			buildSettings = {
				ALWAYS_SEARCH_USER_PATHS = NO;
				ASSETCATALOG_COMPILER_GENERATE_SWIFT_ASSET_SYMBOL_EXTENSIONS = YES;
				CLANG_ANALYZER_NONNULL = YES;
				CLANG_ANALYZER_NUMBER_OBJECT_CONVERSION = YES_AGGRESSIVE;
				CLANG_CXX_LANGUAGE_STANDARD = "gnu++20";
				CLANG_ENABLE_MODULES = YES;
				CLANG_ENABLE_OBJC_ARC = YES;
				CLANG_ENABLE_OBJC_WEAK = YES;
				CLANG_WARN_BLOCK_CAPTURE_AUTORELEASING = YES;
				CLANG_WARN_BOOL_CONVERSION = YES;
				CLANG_WARN_COMMA = YES;
				CLANG_WARN_CONSTANT_CONVERSION = YES;
				CLANG_WARN_DEPRECATED_OBJC_IMPLEMENTATIONS = YES;
				CLANG_WARN_DIRECT_OBJC_ISA_USAGE = YES_ERROR;
				CLANG_WARN_DOCUMENTATION_COMMENTS = YES;
				CLANG_WARN_EMPTY_BODY = YES;
				CLANG_WARN_ENUM_CONVERSION = YES;
				CLANG_WARN_INFINITE_RECURSION = YES;
				CLANG_WARN_INT_CONVERSION = YES;
				CLANG_WARN_NON_LITERAL_NULL_CONVERSION = YES;
				CLANG_WARN_OBJC_IMPLICIT_RETAIN_SELF = YES;
				CLANG_WARN_OBJC_LITERAL_CONVERSION = YES;
				CLANG_WARN_OBJC_ROOT_CLASS = YES_ERROR;
				CLANG_WARN_QUOTED_INCLUDE_IN_FRAMEWORK_HEADER = YES;
				CLANG_WARN_RANGE_LOOP_ANALYSIS = YES;
				CLANG_WARN_STRICT_PROTOTYPES = YES;
				CLANG_WARN_SUSPICIOUS_MOVE = YES;
				CLANG_WARN_UNGUARDED_AVAILABILITY = YES_AGGRESSIVE;
				CLANG_WARN_UNREACHABLE_CODE = YES;
				CLANG_WARN__DUPLICATE_METHOD_MATCH = YES;
				COPY_PHASE_STRIP = NO;
				DEBUG_INFORMATION_FORMAT = dwarf;
				ENABLE_STRICT_OBJC_MSGSEND = YES;
				ENABLE_TESTABILITY = YES;
				ENABLE_USER_SCRIPT_SANDBOXING = YES;
				GCC_C_LANGUAGE_STANDARD = gnu17;
				GCC_DYNAMIC_NO_PIC = NO;
				GCC_NO_COMMON_BLOCKS = YES;
				GCC_OPTIMIZATION_LEVEL = 0;
				GCC_PREPROCESSOR_DEFINITIONS = (
					"DEBUG=1",
					"$(inherited)",
				);
				GCC_WARN_64_TO_32_BIT_CONVERSION = YES;
				GCC_WARN_ABOUT_RETURN_TYPE = YES_ERROR;
				GCC_WARN_UNDECLARED_SELECTOR = YES;
				GCC_WARN_UNINITIALIZED_AUTOS = YES_AGGRESSIVE;
				GCC_WARN_UNUSED_FUNCTION = YES;
				GCC_WARN_UNUSED_VARIABLE = YES;
				IPHONEOS_DEPLOYMENT_TARGET = 17.2;
				LOCALIZATION_PREFERS_STRING_CATALOGS = YES;
				MTL_ENABLE_DEBUG_INFO = INCLUDE_SOURCE;
				MTL_FAST_MATH = YES;
				ONLY_ACTIVE_ARCH = YES;
				SDKROOT = iphoneos;
				SWIFT_ACTIVE_COMPILATION_CONDITIONS = "DEBUG $(inherited)";
				SWIFT_OPTIMIZATION_LEVEL = "-Onone";
			};
			name = "Debug-Test";
		};
		7528A4B72C95F3ED002787EB /* Debug-Test */ = {
			isa = XCBuildConfiguration;
			buildSettings = {
				ASSETCATALOG_COMPILER_APPICON_NAME = AppIconTest;
				ASSETCATALOG_COMPILER_GLOBAL_ACCENT_COLOR_NAME = AccentColor;
				CODE_SIGN_STYLE = Automatic;
				CURRENT_PROJECT_VERSION = 1;
				DEVELOPMENT_ASSET_PATHS = "\"AnimeApp/Preview Content\"";
				DEVELOPMENT_TEAM = 8LC9944F6M;
				ENABLE_PREVIEWS = YES;
				ENABLE_USER_SCRIPT_SANDBOXING = NO;
				GENERATE_INFOPLIST_FILE = YES;
				INFOPLIST_FILE = AnimeApp/Info.plist;
				INFOPLIST_KEY_CFBundleDisplayName = "AnimeApp(TEST)";
				INFOPLIST_KEY_UIApplicationSceneManifest_Generation = YES;
				INFOPLIST_KEY_UIApplicationSupportsIndirectInputEvents = YES;
				INFOPLIST_KEY_UILaunchScreen_Generation = YES;
				INFOPLIST_KEY_UISupportedInterfaceOrientations_iPad = "UIInterfaceOrientationPortrait UIInterfaceOrientationPortraitUpsideDown UIInterfaceOrientationLandscapeLeft UIInterfaceOrientationLandscapeRight";
				INFOPLIST_KEY_UISupportedInterfaceOrientations_iPhone = "UIInterfaceOrientationPortrait UIInterfaceOrientationLandscapeLeft UIInterfaceOrientationLandscapeRight";
				IPHONEOS_DEPLOYMENT_TARGET = 18.0;
				LD_RUNPATH_SEARCH_PATHS = (
					"$(inherited)",
					"@executable_path/Frameworks",
				);
				MARKETING_VERSION = 1.0;
				PRODUCT_BUNDLE_IDENTIFIER = com.info.AnimeApp.test;
				PRODUCT_NAME = "$(TARGET_NAME)";
				SWIFT_EMIT_LOC_STRINGS = YES;
				SWIFT_VERSION = 5.0;
				TARGETED_DEVICE_FAMILY = "1,2";
			};
			name = "Debug-Test";
		};
		7528A4B82C95F448002787EB /* Release-Test */ = {
			isa = XCBuildConfiguration;
			buildSettings = {
				ALWAYS_SEARCH_USER_PATHS = NO;
				ASSETCATALOG_COMPILER_GENERATE_SWIFT_ASSET_SYMBOL_EXTENSIONS = YES;
				CLANG_ANALYZER_NONNULL = YES;
				CLANG_ANALYZER_NUMBER_OBJECT_CONVERSION = YES_AGGRESSIVE;
				CLANG_CXX_LANGUAGE_STANDARD = "gnu++20";
				CLANG_ENABLE_MODULES = YES;
				CLANG_ENABLE_OBJC_ARC = YES;
				CLANG_ENABLE_OBJC_WEAK = YES;
				CLANG_WARN_BLOCK_CAPTURE_AUTORELEASING = YES;
				CLANG_WARN_BOOL_CONVERSION = YES;
				CLANG_WARN_COMMA = YES;
				CLANG_WARN_CONSTANT_CONVERSION = YES;
				CLANG_WARN_DEPRECATED_OBJC_IMPLEMENTATIONS = YES;
				CLANG_WARN_DIRECT_OBJC_ISA_USAGE = YES_ERROR;
				CLANG_WARN_DOCUMENTATION_COMMENTS = YES;
				CLANG_WARN_EMPTY_BODY = YES;
				CLANG_WARN_ENUM_CONVERSION = YES;
				CLANG_WARN_INFINITE_RECURSION = YES;
				CLANG_WARN_INT_CONVERSION = YES;
				CLANG_WARN_NON_LITERAL_NULL_CONVERSION = YES;
				CLANG_WARN_OBJC_IMPLICIT_RETAIN_SELF = YES;
				CLANG_WARN_OBJC_LITERAL_CONVERSION = YES;
				CLANG_WARN_OBJC_ROOT_CLASS = YES_ERROR;
				CLANG_WARN_QUOTED_INCLUDE_IN_FRAMEWORK_HEADER = YES;
				CLANG_WARN_RANGE_LOOP_ANALYSIS = YES;
				CLANG_WARN_STRICT_PROTOTYPES = YES;
				CLANG_WARN_SUSPICIOUS_MOVE = YES;
				CLANG_WARN_UNGUARDED_AVAILABILITY = YES_AGGRESSIVE;
				CLANG_WARN_UNREACHABLE_CODE = YES;
				CLANG_WARN__DUPLICATE_METHOD_MATCH = YES;
				COPY_PHASE_STRIP = NO;
				DEBUG_INFORMATION_FORMAT = "dwarf-with-dsym";
				ENABLE_NS_ASSERTIONS = NO;
				ENABLE_STRICT_OBJC_MSGSEND = YES;
				ENABLE_USER_SCRIPT_SANDBOXING = YES;
				GCC_C_LANGUAGE_STANDARD = gnu17;
				GCC_NO_COMMON_BLOCKS = YES;
				GCC_WARN_64_TO_32_BIT_CONVERSION = YES;
				GCC_WARN_ABOUT_RETURN_TYPE = YES_ERROR;
				GCC_WARN_UNDECLARED_SELECTOR = YES;
				GCC_WARN_UNINITIALIZED_AUTOS = YES_AGGRESSIVE;
				GCC_WARN_UNUSED_FUNCTION = YES;
				GCC_WARN_UNUSED_VARIABLE = YES;
				IPHONEOS_DEPLOYMENT_TARGET = 17.2;
				LOCALIZATION_PREFERS_STRING_CATALOGS = YES;
				MTL_ENABLE_DEBUG_INFO = NO;
				MTL_FAST_MATH = YES;
				SDKROOT = iphoneos;
				SWIFT_COMPILATION_MODE = wholemodule;
				VALIDATE_PRODUCT = YES;
			};
			name = "Release-Test";
		};
		7528A4B92C95F448002787EB /* Release-Test */ = {
			isa = XCBuildConfiguration;
			buildSettings = {
				ASSETCATALOG_COMPILER_APPICON_NAME = AppIconTest;
				ASSETCATALOG_COMPILER_GLOBAL_ACCENT_COLOR_NAME = AccentColor;
				CODE_SIGN_STYLE = Automatic;
				CURRENT_PROJECT_VERSION = 1;
				DEVELOPMENT_ASSET_PATHS = "\"AnimeApp/Preview Content\"";
				DEVELOPMENT_TEAM = 8LC9944F6M;
				ENABLE_PREVIEWS = YES;
				ENABLE_TESTABILITY = YES;
				ENABLE_USER_SCRIPT_SANDBOXING = NO;
				GENERATE_INFOPLIST_FILE = YES;
				INFOPLIST_FILE = AnimeApp/Info.plist;
				INFOPLIST_KEY_CFBundleDisplayName = "AnimeApp(TEST)";
				INFOPLIST_KEY_UIApplicationSceneManifest_Generation = YES;
				INFOPLIST_KEY_UIApplicationSupportsIndirectInputEvents = YES;
				INFOPLIST_KEY_UILaunchScreen_Generation = YES;
				INFOPLIST_KEY_UISupportedInterfaceOrientations_iPad = "UIInterfaceOrientationPortrait UIInterfaceOrientationPortraitUpsideDown UIInterfaceOrientationLandscapeLeft UIInterfaceOrientationLandscapeRight";
				INFOPLIST_KEY_UISupportedInterfaceOrientations_iPhone = "UIInterfaceOrientationPortrait UIInterfaceOrientationLandscapeLeft UIInterfaceOrientationLandscapeRight";
				IPHONEOS_DEPLOYMENT_TARGET = 18.0;
				LD_RUNPATH_SEARCH_PATHS = (
					"$(inherited)",
					"@executable_path/Frameworks",
				);
				MARKETING_VERSION = 1.0;
				PRODUCT_BUNDLE_IDENTIFIER = com.info.AnimeApp.test;
				PRODUCT_NAME = "$(TARGET_NAME)";
				SWIFT_EMIT_LOC_STRINGS = YES;
				SWIFT_VERSION = 5.0;
				TARGETED_DEVICE_FAMILY = "1,2";
			};
			name = "Release-Test";
		};
		7585A3702C9D5B6900C40CF7 /* Debug-Prod */ = {
			isa = XCBuildConfiguration;
			buildSettings = {
				ALWAYS_SEARCH_USER_PATHS = NO;
				ASSETCATALOG_COMPILER_GENERATE_SWIFT_ASSET_SYMBOL_EXTENSIONS = YES;
				BUNDLE_LOADER = "$(TEST_HOST)";
				CLANG_ANALYZER_NONNULL = YES;
				CLANG_ANALYZER_NUMBER_OBJECT_CONVERSION = YES_AGGRESSIVE;
				CLANG_CXX_LANGUAGE_STANDARD = "gnu++20";
				CLANG_ENABLE_MODULES = YES;
				CLANG_ENABLE_OBJC_ARC = YES;
				CLANG_ENABLE_OBJC_WEAK = YES;
				CLANG_WARN_BLOCK_CAPTURE_AUTORELEASING = YES;
				CLANG_WARN_BOOL_CONVERSION = YES;
				CLANG_WARN_COMMA = YES;
				CLANG_WARN_CONSTANT_CONVERSION = YES;
				CLANG_WARN_DEPRECATED_OBJC_IMPLEMENTATIONS = YES;
				CLANG_WARN_DIRECT_OBJC_ISA_USAGE = YES_ERROR;
				CLANG_WARN_DOCUMENTATION_COMMENTS = YES;
				CLANG_WARN_EMPTY_BODY = YES;
				CLANG_WARN_ENUM_CONVERSION = YES;
				CLANG_WARN_INFINITE_RECURSION = YES;
				CLANG_WARN_INT_CONVERSION = YES;
				CLANG_WARN_NON_LITERAL_NULL_CONVERSION = YES;
				CLANG_WARN_OBJC_IMPLICIT_RETAIN_SELF = YES;
				CLANG_WARN_OBJC_LITERAL_CONVERSION = YES;
				CLANG_WARN_OBJC_ROOT_CLASS = YES_ERROR;
				CLANG_WARN_QUOTED_INCLUDE_IN_FRAMEWORK_HEADER = YES;
				CLANG_WARN_RANGE_LOOP_ANALYSIS = YES;
				CLANG_WARN_STRICT_PROTOTYPES = YES;
				CLANG_WARN_SUSPICIOUS_MOVE = YES;
				CLANG_WARN_UNGUARDED_AVAILABILITY = YES_AGGRESSIVE;
				CLANG_WARN_UNREACHABLE_CODE = YES;
				CLANG_WARN__DUPLICATE_METHOD_MATCH = YES;
				CODE_SIGN_STYLE = Automatic;
				COPY_PHASE_STRIP = NO;
				CURRENT_PROJECT_VERSION = 1;
				DEBUG_INFORMATION_FORMAT = dwarf;
				DEVELOPMENT_TEAM = 8LC9944F6M;
				ENABLE_STRICT_OBJC_MSGSEND = YES;
				ENABLE_TESTABILITY = YES;
				ENABLE_USER_SCRIPT_SANDBOXING = YES;
				GCC_C_LANGUAGE_STANDARD = gnu17;
				GCC_DYNAMIC_NO_PIC = NO;
				GCC_NO_COMMON_BLOCKS = YES;
				GCC_OPTIMIZATION_LEVEL = 0;
				GCC_PREPROCESSOR_DEFINITIONS = (
					"DEBUG=1",
					"$(inherited)",
				);
				GCC_WARN_64_TO_32_BIT_CONVERSION = YES;
				GCC_WARN_ABOUT_RETURN_TYPE = YES_ERROR;
				GCC_WARN_UNDECLARED_SELECTOR = YES;
				GCC_WARN_UNINITIALIZED_AUTOS = YES_AGGRESSIVE;
				GCC_WARN_UNUSED_FUNCTION = YES;
				GCC_WARN_UNUSED_VARIABLE = YES;
				GENERATE_INFOPLIST_FILE = YES;
				IPHONEOS_DEPLOYMENT_TARGET = 18.0;
				LOCALIZATION_PREFERS_STRING_CATALOGS = YES;
				MARKETING_VERSION = 1.0;
				MTL_ENABLE_DEBUG_INFO = INCLUDE_SOURCE;
				MTL_FAST_MATH = YES;
				ONLY_ACTIVE_ARCH = YES;
				PRODUCT_BUNDLE_IDENTIFIER = com.info.AnimeAppTests;
				PRODUCT_NAME = "$(TARGET_NAME)";
				SDKROOT = iphoneos;
				SWIFT_ACTIVE_COMPILATION_CONDITIONS = "DEBUG $(inherited)";
				SWIFT_EMIT_LOC_STRINGS = NO;
				SWIFT_OPTIMIZATION_LEVEL = "-Onone";
				SWIFT_VERSION = 5.0;
				TARGETED_DEVICE_FAMILY = "1,2";
				TEST_HOST = "$(BUILT_PRODUCTS_DIR)/AnimeApp.app/$(BUNDLE_EXECUTABLE_FOLDER_PATH)/AnimeApp";
			};
			name = "Debug-Prod";
		};
		7585A3712C9D5B6900C40CF7 /* Debug-Test */ = {
			isa = XCBuildConfiguration;
			buildSettings = {
				ALWAYS_SEARCH_USER_PATHS = NO;
				ASSETCATALOG_COMPILER_GENERATE_SWIFT_ASSET_SYMBOL_EXTENSIONS = YES;
				BUNDLE_LOADER = "$(TEST_HOST)";
				CLANG_ANALYZER_NONNULL = YES;
				CLANG_ANALYZER_NUMBER_OBJECT_CONVERSION = YES_AGGRESSIVE;
				CLANG_CXX_LANGUAGE_STANDARD = "gnu++20";
				CLANG_ENABLE_MODULES = YES;
				CLANG_ENABLE_OBJC_ARC = YES;
				CLANG_ENABLE_OBJC_WEAK = YES;
				CLANG_WARN_BLOCK_CAPTURE_AUTORELEASING = YES;
				CLANG_WARN_BOOL_CONVERSION = YES;
				CLANG_WARN_COMMA = YES;
				CLANG_WARN_CONSTANT_CONVERSION = YES;
				CLANG_WARN_DEPRECATED_OBJC_IMPLEMENTATIONS = YES;
				CLANG_WARN_DIRECT_OBJC_ISA_USAGE = YES_ERROR;
				CLANG_WARN_DOCUMENTATION_COMMENTS = YES;
				CLANG_WARN_EMPTY_BODY = YES;
				CLANG_WARN_ENUM_CONVERSION = YES;
				CLANG_WARN_INFINITE_RECURSION = YES;
				CLANG_WARN_INT_CONVERSION = YES;
				CLANG_WARN_NON_LITERAL_NULL_CONVERSION = YES;
				CLANG_WARN_OBJC_IMPLICIT_RETAIN_SELF = YES;
				CLANG_WARN_OBJC_LITERAL_CONVERSION = YES;
				CLANG_WARN_OBJC_ROOT_CLASS = YES_ERROR;
				CLANG_WARN_QUOTED_INCLUDE_IN_FRAMEWORK_HEADER = YES;
				CLANG_WARN_RANGE_LOOP_ANALYSIS = YES;
				CLANG_WARN_STRICT_PROTOTYPES = YES;
				CLANG_WARN_SUSPICIOUS_MOVE = YES;
				CLANG_WARN_UNGUARDED_AVAILABILITY = YES_AGGRESSIVE;
				CLANG_WARN_UNREACHABLE_CODE = YES;
				CLANG_WARN__DUPLICATE_METHOD_MATCH = YES;
				CODE_SIGN_STYLE = Automatic;
				COPY_PHASE_STRIP = NO;
				CURRENT_PROJECT_VERSION = 1;
				DEBUG_INFORMATION_FORMAT = dwarf;
				DEVELOPMENT_TEAM = 8LC9944F6M;
				ENABLE_STRICT_OBJC_MSGSEND = YES;
				ENABLE_TESTABILITY = YES;
				ENABLE_USER_SCRIPT_SANDBOXING = YES;
				GCC_C_LANGUAGE_STANDARD = gnu17;
				GCC_DYNAMIC_NO_PIC = NO;
				GCC_NO_COMMON_BLOCKS = YES;
				GCC_OPTIMIZATION_LEVEL = 0;
				GCC_PREPROCESSOR_DEFINITIONS = (
					"DEBUG=1",
					"$(inherited)",
				);
				GCC_WARN_64_TO_32_BIT_CONVERSION = YES;
				GCC_WARN_ABOUT_RETURN_TYPE = YES_ERROR;
				GCC_WARN_UNDECLARED_SELECTOR = YES;
				GCC_WARN_UNINITIALIZED_AUTOS = YES_AGGRESSIVE;
				GCC_WARN_UNUSED_FUNCTION = YES;
				GCC_WARN_UNUSED_VARIABLE = YES;
				GENERATE_INFOPLIST_FILE = YES;
				IPHONEOS_DEPLOYMENT_TARGET = 18.0;
				LOCALIZATION_PREFERS_STRING_CATALOGS = YES;
				MARKETING_VERSION = 1.0;
				MTL_ENABLE_DEBUG_INFO = INCLUDE_SOURCE;
				MTL_FAST_MATH = YES;
				ONLY_ACTIVE_ARCH = YES;
				PRODUCT_BUNDLE_IDENTIFIER = com.info.AnimeAppTests;
				PRODUCT_NAME = "$(TARGET_NAME)";
				SDKROOT = iphoneos;
				SWIFT_ACTIVE_COMPILATION_CONDITIONS = "DEBUG $(inherited)";
				SWIFT_EMIT_LOC_STRINGS = NO;
				SWIFT_OPTIMIZATION_LEVEL = "-Onone";
				SWIFT_VERSION = 5.0;
				TARGETED_DEVICE_FAMILY = "1,2";
				TEST_HOST = "$(BUILT_PRODUCTS_DIR)/AnimeApp.app/$(BUNDLE_EXECUTABLE_FOLDER_PATH)/AnimeApp";
			};
			name = "Debug-Test";
		};
		7585A3722C9D5B6900C40CF7 /* Release-Prod */ = {
			isa = XCBuildConfiguration;
			buildSettings = {
				ALWAYS_SEARCH_USER_PATHS = NO;
				ASSETCATALOG_COMPILER_GENERATE_SWIFT_ASSET_SYMBOL_EXTENSIONS = YES;
				BUNDLE_LOADER = "$(TEST_HOST)";
				CLANG_ANALYZER_NONNULL = YES;
				CLANG_ANALYZER_NUMBER_OBJECT_CONVERSION = YES_AGGRESSIVE;
				CLANG_CXX_LANGUAGE_STANDARD = "gnu++20";
				CLANG_ENABLE_MODULES = YES;
				CLANG_ENABLE_OBJC_ARC = YES;
				CLANG_ENABLE_OBJC_WEAK = YES;
				CLANG_WARN_BLOCK_CAPTURE_AUTORELEASING = YES;
				CLANG_WARN_BOOL_CONVERSION = YES;
				CLANG_WARN_COMMA = YES;
				CLANG_WARN_CONSTANT_CONVERSION = YES;
				CLANG_WARN_DEPRECATED_OBJC_IMPLEMENTATIONS = YES;
				CLANG_WARN_DIRECT_OBJC_ISA_USAGE = YES_ERROR;
				CLANG_WARN_DOCUMENTATION_COMMENTS = YES;
				CLANG_WARN_EMPTY_BODY = YES;
				CLANG_WARN_ENUM_CONVERSION = YES;
				CLANG_WARN_INFINITE_RECURSION = YES;
				CLANG_WARN_INT_CONVERSION = YES;
				CLANG_WARN_NON_LITERAL_NULL_CONVERSION = YES;
				CLANG_WARN_OBJC_IMPLICIT_RETAIN_SELF = YES;
				CLANG_WARN_OBJC_LITERAL_CONVERSION = YES;
				CLANG_WARN_OBJC_ROOT_CLASS = YES_ERROR;
				CLANG_WARN_QUOTED_INCLUDE_IN_FRAMEWORK_HEADER = YES;
				CLANG_WARN_RANGE_LOOP_ANALYSIS = YES;
				CLANG_WARN_STRICT_PROTOTYPES = YES;
				CLANG_WARN_SUSPICIOUS_MOVE = YES;
				CLANG_WARN_UNGUARDED_AVAILABILITY = YES_AGGRESSIVE;
				CLANG_WARN_UNREACHABLE_CODE = YES;
				CLANG_WARN__DUPLICATE_METHOD_MATCH = YES;
				CODE_SIGN_STYLE = Automatic;
				COPY_PHASE_STRIP = NO;
				CURRENT_PROJECT_VERSION = 1;
				DEBUG_INFORMATION_FORMAT = "dwarf-with-dsym";
				DEVELOPMENT_TEAM = 8LC9944F6M;
				ENABLE_NS_ASSERTIONS = NO;
				ENABLE_STRICT_OBJC_MSGSEND = YES;
				ENABLE_USER_SCRIPT_SANDBOXING = YES;
				GCC_C_LANGUAGE_STANDARD = gnu17;
				GCC_NO_COMMON_BLOCKS = YES;
				GCC_WARN_64_TO_32_BIT_CONVERSION = YES;
				GCC_WARN_ABOUT_RETURN_TYPE = YES_ERROR;
				GCC_WARN_UNDECLARED_SELECTOR = YES;
				GCC_WARN_UNINITIALIZED_AUTOS = YES_AGGRESSIVE;
				GCC_WARN_UNUSED_FUNCTION = YES;
				GCC_WARN_UNUSED_VARIABLE = YES;
				GENERATE_INFOPLIST_FILE = YES;
				IPHONEOS_DEPLOYMENT_TARGET = 18.0;
				LOCALIZATION_PREFERS_STRING_CATALOGS = YES;
				MARKETING_VERSION = 1.0;
				MTL_ENABLE_DEBUG_INFO = NO;
				MTL_FAST_MATH = YES;
				PRODUCT_BUNDLE_IDENTIFIER = com.info.AnimeAppTests;
				PRODUCT_NAME = "$(TARGET_NAME)";
				SDKROOT = iphoneos;
				SWIFT_COMPILATION_MODE = wholemodule;
				SWIFT_EMIT_LOC_STRINGS = NO;
				SWIFT_VERSION = 5.0;
				TARGETED_DEVICE_FAMILY = "1,2";
				TEST_HOST = "$(BUILT_PRODUCTS_DIR)/AnimeApp.app/$(BUNDLE_EXECUTABLE_FOLDER_PATH)/AnimeApp";
				VALIDATE_PRODUCT = YES;
			};
			name = "Release-Prod";
		};
		7585A3732C9D5B6900C40CF7 /* Release-Test */ = {
			isa = XCBuildConfiguration;
			buildSettings = {
				ALWAYS_SEARCH_USER_PATHS = NO;
				ASSETCATALOG_COMPILER_GENERATE_SWIFT_ASSET_SYMBOL_EXTENSIONS = YES;
				BUNDLE_LOADER = "$(TEST_HOST)";
				CLANG_ANALYZER_NONNULL = YES;
				CLANG_ANALYZER_NUMBER_OBJECT_CONVERSION = YES_AGGRESSIVE;
				CLANG_CXX_LANGUAGE_STANDARD = "gnu++20";
				CLANG_ENABLE_MODULES = YES;
				CLANG_ENABLE_OBJC_ARC = YES;
				CLANG_ENABLE_OBJC_WEAK = YES;
				CLANG_WARN_BLOCK_CAPTURE_AUTORELEASING = YES;
				CLANG_WARN_BOOL_CONVERSION = YES;
				CLANG_WARN_COMMA = YES;
				CLANG_WARN_CONSTANT_CONVERSION = YES;
				CLANG_WARN_DEPRECATED_OBJC_IMPLEMENTATIONS = YES;
				CLANG_WARN_DIRECT_OBJC_ISA_USAGE = YES_ERROR;
				CLANG_WARN_DOCUMENTATION_COMMENTS = YES;
				CLANG_WARN_EMPTY_BODY = YES;
				CLANG_WARN_ENUM_CONVERSION = YES;
				CLANG_WARN_INFINITE_RECURSION = YES;
				CLANG_WARN_INT_CONVERSION = YES;
				CLANG_WARN_NON_LITERAL_NULL_CONVERSION = YES;
				CLANG_WARN_OBJC_IMPLICIT_RETAIN_SELF = YES;
				CLANG_WARN_OBJC_LITERAL_CONVERSION = YES;
				CLANG_WARN_OBJC_ROOT_CLASS = YES_ERROR;
				CLANG_WARN_QUOTED_INCLUDE_IN_FRAMEWORK_HEADER = YES;
				CLANG_WARN_RANGE_LOOP_ANALYSIS = YES;
				CLANG_WARN_STRICT_PROTOTYPES = YES;
				CLANG_WARN_SUSPICIOUS_MOVE = YES;
				CLANG_WARN_UNGUARDED_AVAILABILITY = YES_AGGRESSIVE;
				CLANG_WARN_UNREACHABLE_CODE = YES;
				CLANG_WARN__DUPLICATE_METHOD_MATCH = YES;
				CODE_SIGN_STYLE = Automatic;
				COPY_PHASE_STRIP = NO;
				CURRENT_PROJECT_VERSION = 1;
				DEBUG_INFORMATION_FORMAT = "dwarf-with-dsym";
				DEVELOPMENT_TEAM = 8LC9944F6M;
				ENABLE_NS_ASSERTIONS = NO;
				ENABLE_STRICT_OBJC_MSGSEND = YES;
				ENABLE_USER_SCRIPT_SANDBOXING = YES;
				GCC_C_LANGUAGE_STANDARD = gnu17;
				GCC_NO_COMMON_BLOCKS = YES;
				GCC_WARN_64_TO_32_BIT_CONVERSION = YES;
				GCC_WARN_ABOUT_RETURN_TYPE = YES_ERROR;
				GCC_WARN_UNDECLARED_SELECTOR = YES;
				GCC_WARN_UNINITIALIZED_AUTOS = YES_AGGRESSIVE;
				GCC_WARN_UNUSED_FUNCTION = YES;
				GCC_WARN_UNUSED_VARIABLE = YES;
				GENERATE_INFOPLIST_FILE = YES;
				IPHONEOS_DEPLOYMENT_TARGET = 18.0;
				LOCALIZATION_PREFERS_STRING_CATALOGS = YES;
				MARKETING_VERSION = 1.0;
				MTL_ENABLE_DEBUG_INFO = NO;
				MTL_FAST_MATH = YES;
				PRODUCT_BUNDLE_IDENTIFIER = com.info.AnimeAppTests;
				PRODUCT_NAME = "$(TARGET_NAME)";
				SDKROOT = iphoneos;
				SWIFT_COMPILATION_MODE = wholemodule;
				SWIFT_EMIT_LOC_STRINGS = NO;
				SWIFT_VERSION = 5.0;
				TARGETED_DEVICE_FAMILY = "1,2";
				TEST_HOST = "$(BUILT_PRODUCTS_DIR)/AnimeApp.app/$(BUNDLE_EXECUTABLE_FOLDER_PATH)/AnimeApp";
				VALIDATE_PRODUCT = YES;
			};
			name = "Release-Test";
		};
		75C658512CBB3080009282A7 /* Debug-Prod */ = {
			isa = XCBuildConfiguration;
			buildSettings = {
				ALWAYS_SEARCH_USER_PATHS = NO;
				ASSETCATALOG_COMPILER_GENERATE_SWIFT_ASSET_SYMBOL_EXTENSIONS = YES;
				CLANG_ANALYZER_NONNULL = YES;
				CLANG_ANALYZER_NUMBER_OBJECT_CONVERSION = YES_AGGRESSIVE;
				CLANG_CXX_LANGUAGE_STANDARD = "gnu++20";
				CLANG_ENABLE_MODULES = YES;
				CLANG_ENABLE_OBJC_ARC = YES;
				CLANG_ENABLE_OBJC_WEAK = YES;
				CLANG_WARN_BLOCK_CAPTURE_AUTORELEASING = YES;
				CLANG_WARN_BOOL_CONVERSION = YES;
				CLANG_WARN_COMMA = YES;
				CLANG_WARN_CONSTANT_CONVERSION = YES;
				CLANG_WARN_DEPRECATED_OBJC_IMPLEMENTATIONS = YES;
				CLANG_WARN_DIRECT_OBJC_ISA_USAGE = YES_ERROR;
				CLANG_WARN_DOCUMENTATION_COMMENTS = YES;
				CLANG_WARN_EMPTY_BODY = YES;
				CLANG_WARN_ENUM_CONVERSION = YES;
				CLANG_WARN_INFINITE_RECURSION = YES;
				CLANG_WARN_INT_CONVERSION = YES;
				CLANG_WARN_NON_LITERAL_NULL_CONVERSION = YES;
				CLANG_WARN_OBJC_IMPLICIT_RETAIN_SELF = YES;
				CLANG_WARN_OBJC_LITERAL_CONVERSION = YES;
				CLANG_WARN_OBJC_ROOT_CLASS = YES_ERROR;
				CLANG_WARN_QUOTED_INCLUDE_IN_FRAMEWORK_HEADER = YES;
				CLANG_WARN_RANGE_LOOP_ANALYSIS = YES;
				CLANG_WARN_STRICT_PROTOTYPES = YES;
				CLANG_WARN_SUSPICIOUS_MOVE = YES;
				CLANG_WARN_UNGUARDED_AVAILABILITY = YES_AGGRESSIVE;
				CLANG_WARN_UNREACHABLE_CODE = YES;
				CLANG_WARN__DUPLICATE_METHOD_MATCH = YES;
				CODE_SIGN_STYLE = Automatic;
				COPY_PHASE_STRIP = NO;
				CURRENT_PROJECT_VERSION = 1;
				DEBUG_INFORMATION_FORMAT = dwarf;
				DEVELOPMENT_TEAM = 8LC9944F6M;
				ENABLE_STRICT_OBJC_MSGSEND = YES;
				ENABLE_TESTABILITY = YES;
				ENABLE_USER_SCRIPT_SANDBOXING = YES;
				GCC_C_LANGUAGE_STANDARD = gnu17;
				GCC_DYNAMIC_NO_PIC = NO;
				GCC_NO_COMMON_BLOCKS = YES;
				GCC_OPTIMIZATION_LEVEL = 0;
				GCC_PREPROCESSOR_DEFINITIONS = (
					"DEBUG=1",
					"$(inherited)",
				);
				GCC_WARN_64_TO_32_BIT_CONVERSION = YES;
				GCC_WARN_ABOUT_RETURN_TYPE = YES_ERROR;
				GCC_WARN_UNDECLARED_SELECTOR = YES;
				GCC_WARN_UNINITIALIZED_AUTOS = YES_AGGRESSIVE;
				GCC_WARN_UNUSED_FUNCTION = YES;
				GCC_WARN_UNUSED_VARIABLE = YES;
				GENERATE_INFOPLIST_FILE = YES;
				IPHONEOS_DEPLOYMENT_TARGET = 18.0;
				LOCALIZATION_PREFERS_STRING_CATALOGS = YES;
				MARKETING_VERSION = 1.0;
				MTL_ENABLE_DEBUG_INFO = INCLUDE_SOURCE;
				MTL_FAST_MATH = YES;
				ONLY_ACTIVE_ARCH = YES;
				PRODUCT_BUNDLE_IDENTIFIER = com.info.AnimeAppUITests;
				PRODUCT_NAME = "$(TARGET_NAME)";
				SDKROOT = iphoneos;
				SWIFT_ACTIVE_COMPILATION_CONDITIONS = "DEBUG $(inherited)";
				SWIFT_EMIT_LOC_STRINGS = NO;
				SWIFT_OPTIMIZATION_LEVEL = "-Onone";
				SWIFT_VERSION = 5.0;
				TARGETED_DEVICE_FAMILY = "1,2";
				TEST_TARGET_NAME = AnimeApp;
			};
			name = "Debug-Prod";
		};
		75C658522CBB3080009282A7 /* Debug-Test */ = {
			isa = XCBuildConfiguration;
			buildSettings = {
				ALWAYS_SEARCH_USER_PATHS = NO;
				ASSETCATALOG_COMPILER_GENERATE_SWIFT_ASSET_SYMBOL_EXTENSIONS = YES;
				CLANG_ANALYZER_NONNULL = YES;
				CLANG_ANALYZER_NUMBER_OBJECT_CONVERSION = YES_AGGRESSIVE;
				CLANG_CXX_LANGUAGE_STANDARD = "gnu++20";
				CLANG_ENABLE_MODULES = YES;
				CLANG_ENABLE_OBJC_ARC = YES;
				CLANG_ENABLE_OBJC_WEAK = YES;
				CLANG_WARN_BLOCK_CAPTURE_AUTORELEASING = YES;
				CLANG_WARN_BOOL_CONVERSION = YES;
				CLANG_WARN_COMMA = YES;
				CLANG_WARN_CONSTANT_CONVERSION = YES;
				CLANG_WARN_DEPRECATED_OBJC_IMPLEMENTATIONS = YES;
				CLANG_WARN_DIRECT_OBJC_ISA_USAGE = YES_ERROR;
				CLANG_WARN_DOCUMENTATION_COMMENTS = YES;
				CLANG_WARN_EMPTY_BODY = YES;
				CLANG_WARN_ENUM_CONVERSION = YES;
				CLANG_WARN_INFINITE_RECURSION = YES;
				CLANG_WARN_INT_CONVERSION = YES;
				CLANG_WARN_NON_LITERAL_NULL_CONVERSION = YES;
				CLANG_WARN_OBJC_IMPLICIT_RETAIN_SELF = YES;
				CLANG_WARN_OBJC_LITERAL_CONVERSION = YES;
				CLANG_WARN_OBJC_ROOT_CLASS = YES_ERROR;
				CLANG_WARN_QUOTED_INCLUDE_IN_FRAMEWORK_HEADER = YES;
				CLANG_WARN_RANGE_LOOP_ANALYSIS = YES;
				CLANG_WARN_STRICT_PROTOTYPES = YES;
				CLANG_WARN_SUSPICIOUS_MOVE = YES;
				CLANG_WARN_UNGUARDED_AVAILABILITY = YES_AGGRESSIVE;
				CLANG_WARN_UNREACHABLE_CODE = YES;
				CLANG_WARN__DUPLICATE_METHOD_MATCH = YES;
				CODE_SIGN_STYLE = Automatic;
				COPY_PHASE_STRIP = NO;
				CURRENT_PROJECT_VERSION = 1;
				DEBUG_INFORMATION_FORMAT = dwarf;
				DEVELOPMENT_TEAM = 8LC9944F6M;
				ENABLE_STRICT_OBJC_MSGSEND = YES;
				ENABLE_TESTABILITY = YES;
				ENABLE_USER_SCRIPT_SANDBOXING = YES;
				GCC_C_LANGUAGE_STANDARD = gnu17;
				GCC_DYNAMIC_NO_PIC = NO;
				GCC_NO_COMMON_BLOCKS = YES;
				GCC_OPTIMIZATION_LEVEL = 0;
				GCC_PREPROCESSOR_DEFINITIONS = (
					"DEBUG=1",
					"$(inherited)",
				);
				GCC_WARN_64_TO_32_BIT_CONVERSION = YES;
				GCC_WARN_ABOUT_RETURN_TYPE = YES_ERROR;
				GCC_WARN_UNDECLARED_SELECTOR = YES;
				GCC_WARN_UNINITIALIZED_AUTOS = YES_AGGRESSIVE;
				GCC_WARN_UNUSED_FUNCTION = YES;
				GCC_WARN_UNUSED_VARIABLE = YES;
				GENERATE_INFOPLIST_FILE = YES;
				IPHONEOS_DEPLOYMENT_TARGET = 18.0;
				LOCALIZATION_PREFERS_STRING_CATALOGS = YES;
				MARKETING_VERSION = 1.0;
				MTL_ENABLE_DEBUG_INFO = INCLUDE_SOURCE;
				MTL_FAST_MATH = YES;
				ONLY_ACTIVE_ARCH = YES;
				PRODUCT_BUNDLE_IDENTIFIER = com.info.AnimeAppUITests;
				PRODUCT_NAME = "$(TARGET_NAME)";
				SDKROOT = iphoneos;
				SWIFT_ACTIVE_COMPILATION_CONDITIONS = "DEBUG $(inherited)";
				SWIFT_EMIT_LOC_STRINGS = NO;
				SWIFT_OPTIMIZATION_LEVEL = "-Onone";
				SWIFT_VERSION = 5.0;
				TARGETED_DEVICE_FAMILY = "1,2";
				TEST_TARGET_NAME = AnimeApp;
			};
			name = "Debug-Test";
		};
		75C658532CBB3080009282A7 /* Release-Prod */ = {
			isa = XCBuildConfiguration;
			buildSettings = {
				ALWAYS_SEARCH_USER_PATHS = NO;
				ASSETCATALOG_COMPILER_GENERATE_SWIFT_ASSET_SYMBOL_EXTENSIONS = YES;
				CLANG_ANALYZER_NONNULL = YES;
				CLANG_ANALYZER_NUMBER_OBJECT_CONVERSION = YES_AGGRESSIVE;
				CLANG_CXX_LANGUAGE_STANDARD = "gnu++20";
				CLANG_ENABLE_MODULES = YES;
				CLANG_ENABLE_OBJC_ARC = YES;
				CLANG_ENABLE_OBJC_WEAK = YES;
				CLANG_WARN_BLOCK_CAPTURE_AUTORELEASING = YES;
				CLANG_WARN_BOOL_CONVERSION = YES;
				CLANG_WARN_COMMA = YES;
				CLANG_WARN_CONSTANT_CONVERSION = YES;
				CLANG_WARN_DEPRECATED_OBJC_IMPLEMENTATIONS = YES;
				CLANG_WARN_DIRECT_OBJC_ISA_USAGE = YES_ERROR;
				CLANG_WARN_DOCUMENTATION_COMMENTS = YES;
				CLANG_WARN_EMPTY_BODY = YES;
				CLANG_WARN_ENUM_CONVERSION = YES;
				CLANG_WARN_INFINITE_RECURSION = YES;
				CLANG_WARN_INT_CONVERSION = YES;
				CLANG_WARN_NON_LITERAL_NULL_CONVERSION = YES;
				CLANG_WARN_OBJC_IMPLICIT_RETAIN_SELF = YES;
				CLANG_WARN_OBJC_LITERAL_CONVERSION = YES;
				CLANG_WARN_OBJC_ROOT_CLASS = YES_ERROR;
				CLANG_WARN_QUOTED_INCLUDE_IN_FRAMEWORK_HEADER = YES;
				CLANG_WARN_RANGE_LOOP_ANALYSIS = YES;
				CLANG_WARN_STRICT_PROTOTYPES = YES;
				CLANG_WARN_SUSPICIOUS_MOVE = YES;
				CLANG_WARN_UNGUARDED_AVAILABILITY = YES_AGGRESSIVE;
				CLANG_WARN_UNREACHABLE_CODE = YES;
				CLANG_WARN__DUPLICATE_METHOD_MATCH = YES;
				CODE_SIGN_STYLE = Automatic;
				COPY_PHASE_STRIP = NO;
				CURRENT_PROJECT_VERSION = 1;
				DEBUG_INFORMATION_FORMAT = "dwarf-with-dsym";
				DEVELOPMENT_TEAM = 8LC9944F6M;
				ENABLE_NS_ASSERTIONS = NO;
				ENABLE_STRICT_OBJC_MSGSEND = YES;
				ENABLE_USER_SCRIPT_SANDBOXING = YES;
				GCC_C_LANGUAGE_STANDARD = gnu17;
				GCC_NO_COMMON_BLOCKS = YES;
				GCC_WARN_64_TO_32_BIT_CONVERSION = YES;
				GCC_WARN_ABOUT_RETURN_TYPE = YES_ERROR;
				GCC_WARN_UNDECLARED_SELECTOR = YES;
				GCC_WARN_UNINITIALIZED_AUTOS = YES_AGGRESSIVE;
				GCC_WARN_UNUSED_FUNCTION = YES;
				GCC_WARN_UNUSED_VARIABLE = YES;
				GENERATE_INFOPLIST_FILE = YES;
				IPHONEOS_DEPLOYMENT_TARGET = 18.0;
				LOCALIZATION_PREFERS_STRING_CATALOGS = YES;
				MARKETING_VERSION = 1.0;
				MTL_ENABLE_DEBUG_INFO = NO;
				MTL_FAST_MATH = YES;
				PRODUCT_BUNDLE_IDENTIFIER = com.info.AnimeAppUITests;
				PRODUCT_NAME = "$(TARGET_NAME)";
				SDKROOT = iphoneos;
				SWIFT_COMPILATION_MODE = wholemodule;
				SWIFT_EMIT_LOC_STRINGS = NO;
				SWIFT_VERSION = 5.0;
				TARGETED_DEVICE_FAMILY = "1,2";
				TEST_TARGET_NAME = AnimeApp;
				VALIDATE_PRODUCT = YES;
			};
			name = "Release-Prod";
		};
		75C658542CBB3080009282A7 /* Release-Test */ = {
			isa = XCBuildConfiguration;
			buildSettings = {
				ALWAYS_SEARCH_USER_PATHS = NO;
				ASSETCATALOG_COMPILER_GENERATE_SWIFT_ASSET_SYMBOL_EXTENSIONS = YES;
				CLANG_ANALYZER_NONNULL = YES;
				CLANG_ANALYZER_NUMBER_OBJECT_CONVERSION = YES_AGGRESSIVE;
				CLANG_CXX_LANGUAGE_STANDARD = "gnu++20";
				CLANG_ENABLE_MODULES = YES;
				CLANG_ENABLE_OBJC_ARC = YES;
				CLANG_ENABLE_OBJC_WEAK = YES;
				CLANG_WARN_BLOCK_CAPTURE_AUTORELEASING = YES;
				CLANG_WARN_BOOL_CONVERSION = YES;
				CLANG_WARN_COMMA = YES;
				CLANG_WARN_CONSTANT_CONVERSION = YES;
				CLANG_WARN_DEPRECATED_OBJC_IMPLEMENTATIONS = YES;
				CLANG_WARN_DIRECT_OBJC_ISA_USAGE = YES_ERROR;
				CLANG_WARN_DOCUMENTATION_COMMENTS = YES;
				CLANG_WARN_EMPTY_BODY = YES;
				CLANG_WARN_ENUM_CONVERSION = YES;
				CLANG_WARN_INFINITE_RECURSION = YES;
				CLANG_WARN_INT_CONVERSION = YES;
				CLANG_WARN_NON_LITERAL_NULL_CONVERSION = YES;
				CLANG_WARN_OBJC_IMPLICIT_RETAIN_SELF = YES;
				CLANG_WARN_OBJC_LITERAL_CONVERSION = YES;
				CLANG_WARN_OBJC_ROOT_CLASS = YES_ERROR;
				CLANG_WARN_QUOTED_INCLUDE_IN_FRAMEWORK_HEADER = YES;
				CLANG_WARN_RANGE_LOOP_ANALYSIS = YES;
				CLANG_WARN_STRICT_PROTOTYPES = YES;
				CLANG_WARN_SUSPICIOUS_MOVE = YES;
				CLANG_WARN_UNGUARDED_AVAILABILITY = YES_AGGRESSIVE;
				CLANG_WARN_UNREACHABLE_CODE = YES;
				CLANG_WARN__DUPLICATE_METHOD_MATCH = YES;
				CODE_SIGN_STYLE = Automatic;
				COPY_PHASE_STRIP = NO;
				CURRENT_PROJECT_VERSION = 1;
				DEBUG_INFORMATION_FORMAT = "dwarf-with-dsym";
				DEVELOPMENT_TEAM = 8LC9944F6M;
				ENABLE_NS_ASSERTIONS = NO;
				ENABLE_STRICT_OBJC_MSGSEND = YES;
				ENABLE_USER_SCRIPT_SANDBOXING = YES;
				GCC_C_LANGUAGE_STANDARD = gnu17;
				GCC_NO_COMMON_BLOCKS = YES;
				GCC_WARN_64_TO_32_BIT_CONVERSION = YES;
				GCC_WARN_ABOUT_RETURN_TYPE = YES_ERROR;
				GCC_WARN_UNDECLARED_SELECTOR = YES;
				GCC_WARN_UNINITIALIZED_AUTOS = YES_AGGRESSIVE;
				GCC_WARN_UNUSED_FUNCTION = YES;
				GCC_WARN_UNUSED_VARIABLE = YES;
				GENERATE_INFOPLIST_FILE = YES;
				IPHONEOS_DEPLOYMENT_TARGET = 18.0;
				LOCALIZATION_PREFERS_STRING_CATALOGS = YES;
				MARKETING_VERSION = 1.0;
				MTL_ENABLE_DEBUG_INFO = NO;
				MTL_FAST_MATH = YES;
				PRODUCT_BUNDLE_IDENTIFIER = com.info.AnimeAppUITests;
				PRODUCT_NAME = "$(TARGET_NAME)";
				SDKROOT = iphoneos;
				SWIFT_COMPILATION_MODE = wholemodule;
				SWIFT_EMIT_LOC_STRINGS = NO;
				SWIFT_VERSION = 5.0;
				TARGETED_DEVICE_FAMILY = "1,2";
				TEST_TARGET_NAME = AnimeApp;
				VALIDATE_PRODUCT = YES;
			};
			name = "Release-Test";
		};
		75CF43CD2C4109AB003D24F1 /* Debug-Prod */ = {
			isa = XCBuildConfiguration;
			buildSettings = {
				ALWAYS_SEARCH_USER_PATHS = NO;
				ASSETCATALOG_COMPILER_GENERATE_SWIFT_ASSET_SYMBOL_EXTENSIONS = YES;
				CLANG_ANALYZER_NONNULL = YES;
				CLANG_ANALYZER_NUMBER_OBJECT_CONVERSION = YES_AGGRESSIVE;
				CLANG_CXX_LANGUAGE_STANDARD = "gnu++20";
				CLANG_ENABLE_MODULES = YES;
				CLANG_ENABLE_OBJC_ARC = YES;
				CLANG_ENABLE_OBJC_WEAK = YES;
				CLANG_WARN_BLOCK_CAPTURE_AUTORELEASING = YES;
				CLANG_WARN_BOOL_CONVERSION = YES;
				CLANG_WARN_COMMA = YES;
				CLANG_WARN_CONSTANT_CONVERSION = YES;
				CLANG_WARN_DEPRECATED_OBJC_IMPLEMENTATIONS = YES;
				CLANG_WARN_DIRECT_OBJC_ISA_USAGE = YES_ERROR;
				CLANG_WARN_DOCUMENTATION_COMMENTS = YES;
				CLANG_WARN_EMPTY_BODY = YES;
				CLANG_WARN_ENUM_CONVERSION = YES;
				CLANG_WARN_INFINITE_RECURSION = YES;
				CLANG_WARN_INT_CONVERSION = YES;
				CLANG_WARN_NON_LITERAL_NULL_CONVERSION = YES;
				CLANG_WARN_OBJC_IMPLICIT_RETAIN_SELF = YES;
				CLANG_WARN_OBJC_LITERAL_CONVERSION = YES;
				CLANG_WARN_OBJC_ROOT_CLASS = YES_ERROR;
				CLANG_WARN_QUOTED_INCLUDE_IN_FRAMEWORK_HEADER = YES;
				CLANG_WARN_RANGE_LOOP_ANALYSIS = YES;
				CLANG_WARN_STRICT_PROTOTYPES = YES;
				CLANG_WARN_SUSPICIOUS_MOVE = YES;
				CLANG_WARN_UNGUARDED_AVAILABILITY = YES_AGGRESSIVE;
				CLANG_WARN_UNREACHABLE_CODE = YES;
				CLANG_WARN__DUPLICATE_METHOD_MATCH = YES;
				COPY_PHASE_STRIP = NO;
				DEBUG_INFORMATION_FORMAT = dwarf;
				ENABLE_STRICT_OBJC_MSGSEND = YES;
				ENABLE_TESTABILITY = YES;
				ENABLE_USER_SCRIPT_SANDBOXING = YES;
				GCC_C_LANGUAGE_STANDARD = gnu17;
				GCC_DYNAMIC_NO_PIC = NO;
				GCC_NO_COMMON_BLOCKS = YES;
				GCC_OPTIMIZATION_LEVEL = 0;
				GCC_PREPROCESSOR_DEFINITIONS = (
					"DEBUG=1",
					"$(inherited)",
				);
				GCC_WARN_64_TO_32_BIT_CONVERSION = YES;
				GCC_WARN_ABOUT_RETURN_TYPE = YES_ERROR;
				GCC_WARN_UNDECLARED_SELECTOR = YES;
				GCC_WARN_UNINITIALIZED_AUTOS = YES_AGGRESSIVE;
				GCC_WARN_UNUSED_FUNCTION = YES;
				GCC_WARN_UNUSED_VARIABLE = YES;
				IPHONEOS_DEPLOYMENT_TARGET = 17.2;
				LOCALIZATION_PREFERS_STRING_CATALOGS = YES;
				MTL_ENABLE_DEBUG_INFO = INCLUDE_SOURCE;
				MTL_FAST_MATH = YES;
				ONLY_ACTIVE_ARCH = YES;
				SDKROOT = iphoneos;
				SWIFT_ACTIVE_COMPILATION_CONDITIONS = "DEBUG $(inherited)";
				SWIFT_OPTIMIZATION_LEVEL = "-Onone";
			};
			name = "Debug-Prod";
		};
		75CF43CE2C4109AB003D24F1 /* Release-Prod */ = {
			isa = XCBuildConfiguration;
			buildSettings = {
				ALWAYS_SEARCH_USER_PATHS = NO;
				ASSETCATALOG_COMPILER_GENERATE_SWIFT_ASSET_SYMBOL_EXTENSIONS = YES;
				CLANG_ANALYZER_NONNULL = YES;
				CLANG_ANALYZER_NUMBER_OBJECT_CONVERSION = YES_AGGRESSIVE;
				CLANG_CXX_LANGUAGE_STANDARD = "gnu++20";
				CLANG_ENABLE_MODULES = YES;
				CLANG_ENABLE_OBJC_ARC = YES;
				CLANG_ENABLE_OBJC_WEAK = YES;
				CLANG_WARN_BLOCK_CAPTURE_AUTORELEASING = YES;
				CLANG_WARN_BOOL_CONVERSION = YES;
				CLANG_WARN_COMMA = YES;
				CLANG_WARN_CONSTANT_CONVERSION = YES;
				CLANG_WARN_DEPRECATED_OBJC_IMPLEMENTATIONS = YES;
				CLANG_WARN_DIRECT_OBJC_ISA_USAGE = YES_ERROR;
				CLANG_WARN_DOCUMENTATION_COMMENTS = YES;
				CLANG_WARN_EMPTY_BODY = YES;
				CLANG_WARN_ENUM_CONVERSION = YES;
				CLANG_WARN_INFINITE_RECURSION = YES;
				CLANG_WARN_INT_CONVERSION = YES;
				CLANG_WARN_NON_LITERAL_NULL_CONVERSION = YES;
				CLANG_WARN_OBJC_IMPLICIT_RETAIN_SELF = YES;
				CLANG_WARN_OBJC_LITERAL_CONVERSION = YES;
				CLANG_WARN_OBJC_ROOT_CLASS = YES_ERROR;
				CLANG_WARN_QUOTED_INCLUDE_IN_FRAMEWORK_HEADER = YES;
				CLANG_WARN_RANGE_LOOP_ANALYSIS = YES;
				CLANG_WARN_STRICT_PROTOTYPES = YES;
				CLANG_WARN_SUSPICIOUS_MOVE = YES;
				CLANG_WARN_UNGUARDED_AVAILABILITY = YES_AGGRESSIVE;
				CLANG_WARN_UNREACHABLE_CODE = YES;
				CLANG_WARN__DUPLICATE_METHOD_MATCH = YES;
				COPY_PHASE_STRIP = NO;
				DEBUG_INFORMATION_FORMAT = "dwarf-with-dsym";
				ENABLE_NS_ASSERTIONS = NO;
				ENABLE_STRICT_OBJC_MSGSEND = YES;
				ENABLE_USER_SCRIPT_SANDBOXING = YES;
				GCC_C_LANGUAGE_STANDARD = gnu17;
				GCC_NO_COMMON_BLOCKS = YES;
				GCC_WARN_64_TO_32_BIT_CONVERSION = YES;
				GCC_WARN_ABOUT_RETURN_TYPE = YES_ERROR;
				GCC_WARN_UNDECLARED_SELECTOR = YES;
				GCC_WARN_UNINITIALIZED_AUTOS = YES_AGGRESSIVE;
				GCC_WARN_UNUSED_FUNCTION = YES;
				GCC_WARN_UNUSED_VARIABLE = YES;
				IPHONEOS_DEPLOYMENT_TARGET = 17.2;
				LOCALIZATION_PREFERS_STRING_CATALOGS = YES;
				MTL_ENABLE_DEBUG_INFO = NO;
				MTL_FAST_MATH = YES;
				SDKROOT = iphoneos;
				SWIFT_COMPILATION_MODE = wholemodule;
				VALIDATE_PRODUCT = YES;
			};
			name = "Release-Prod";
		};
		75CF43D02C4109AB003D24F1 /* Debug-Prod */ = {
			isa = XCBuildConfiguration;
			buildSettings = {
				ASSETCATALOG_COMPILER_APPICON_NAME = AppIcon;
				ASSETCATALOG_COMPILER_GLOBAL_ACCENT_COLOR_NAME = AccentColor;
				CODE_SIGN_STYLE = Automatic;
				CURRENT_PROJECT_VERSION = 1;
				DEVELOPMENT_ASSET_PATHS = "\"AnimeApp/Preview Content\"";
				DEVELOPMENT_TEAM = 8LC9944F6M;
				ENABLE_PREVIEWS = YES;
				ENABLE_USER_SCRIPT_SANDBOXING = NO;
				GENERATE_INFOPLIST_FILE = YES;
				INFOPLIST_FILE = AnimeApp/Info.plist;
				INFOPLIST_KEY_CFBundleDisplayName = AnimeApp;
				INFOPLIST_KEY_UIApplicationSceneManifest_Generation = YES;
				INFOPLIST_KEY_UIApplicationSupportsIndirectInputEvents = YES;
				INFOPLIST_KEY_UILaunchScreen_Generation = YES;
				INFOPLIST_KEY_UISupportedInterfaceOrientations_iPad = "UIInterfaceOrientationPortrait UIInterfaceOrientationPortraitUpsideDown UIInterfaceOrientationLandscapeLeft UIInterfaceOrientationLandscapeRight";
				INFOPLIST_KEY_UISupportedInterfaceOrientations_iPhone = "UIInterfaceOrientationPortrait UIInterfaceOrientationLandscapeLeft UIInterfaceOrientationLandscapeRight";
				IPHONEOS_DEPLOYMENT_TARGET = 18.0;
				LD_RUNPATH_SEARCH_PATHS = (
					"$(inherited)",
					"@executable_path/Frameworks",
				);
				MARKETING_VERSION = 1.0;
				PRODUCT_BUNDLE_IDENTIFIER = com.info.AnimeApp.prod;
				PRODUCT_NAME = "$(TARGET_NAME)";
				SWIFT_EMIT_LOC_STRINGS = YES;
				SWIFT_VERSION = 5.0;
				TARGETED_DEVICE_FAMILY = "1,2";
			};
			name = "Debug-Prod";
		};
		75CF43D12C4109AB003D24F1 /* Release-Prod */ = {
			isa = XCBuildConfiguration;
			buildSettings = {
				ASSETCATALOG_COMPILER_APPICON_NAME = AppIcon;
				ASSETCATALOG_COMPILER_GLOBAL_ACCENT_COLOR_NAME = AccentColor;
				CODE_SIGN_STYLE = Automatic;
				CURRENT_PROJECT_VERSION = 1;
				DEVELOPMENT_ASSET_PATHS = "\"AnimeApp/Preview Content\"";
				DEVELOPMENT_TEAM = 8LC9944F6M;
				ENABLE_PREVIEWS = YES;
				ENABLE_TESTABILITY = YES;
				ENABLE_USER_SCRIPT_SANDBOXING = NO;
				GENERATE_INFOPLIST_FILE = YES;
				INFOPLIST_FILE = AnimeApp/Info.plist;
				INFOPLIST_KEY_CFBundleDisplayName = AnimeApp;
				INFOPLIST_KEY_UIApplicationSceneManifest_Generation = YES;
				INFOPLIST_KEY_UIApplicationSupportsIndirectInputEvents = YES;
				INFOPLIST_KEY_UILaunchScreen_Generation = YES;
				INFOPLIST_KEY_UISupportedInterfaceOrientations_iPad = "UIInterfaceOrientationPortrait UIInterfaceOrientationPortraitUpsideDown UIInterfaceOrientationLandscapeLeft UIInterfaceOrientationLandscapeRight";
				INFOPLIST_KEY_UISupportedInterfaceOrientations_iPhone = "UIInterfaceOrientationPortrait UIInterfaceOrientationLandscapeLeft UIInterfaceOrientationLandscapeRight";
				IPHONEOS_DEPLOYMENT_TARGET = 18.0;
				LD_RUNPATH_SEARCH_PATHS = (
					"$(inherited)",
					"@executable_path/Frameworks",
				);
				MARKETING_VERSION = 1.0;
				PRODUCT_BUNDLE_IDENTIFIER = com.info.AnimeApp.prod;
				PRODUCT_NAME = "$(TARGET_NAME)";
				SWIFT_EMIT_LOC_STRINGS = YES;
				SWIFT_VERSION = 5.0;
				TARGETED_DEVICE_FAMILY = "1,2";
			};
			name = "Release-Prod";
		};
/* End XCBuildConfiguration section */

/* Begin XCConfigurationList section */
		7585A3742C9D5B6900C40CF7 /* Build configuration list for PBXNativeTarget "AnimeAppTests" */ = {
			isa = XCConfigurationList;
			buildConfigurations = (
				7585A3702C9D5B6900C40CF7 /* Debug-Prod */,
				7585A3712C9D5B6900C40CF7 /* Debug-Test */,
				7585A3722C9D5B6900C40CF7 /* Release-Prod */,
				7585A3732C9D5B6900C40CF7 /* Release-Test */,
			);
			defaultConfigurationIsVisible = 0;
			defaultConfigurationName = "Release-Prod";
		};
		75C658502CBB3080009282A7 /* Build configuration list for PBXNativeTarget "AnimeAppUITests" */ = {
			isa = XCConfigurationList;
			buildConfigurations = (
				75C658512CBB3080009282A7 /* Debug-Prod */,
				75C658522CBB3080009282A7 /* Debug-Test */,
				75C658532CBB3080009282A7 /* Release-Prod */,
				75C658542CBB3080009282A7 /* Release-Test */,
			);
			defaultConfigurationIsVisible = 0;
			defaultConfigurationName = "Release-Prod";
		};
		75CF43BC2C4109A9003D24F1 /* Build configuration list for PBXProject "AnimeApp" */ = {
			isa = XCConfigurationList;
			buildConfigurations = (
				75CF43CD2C4109AB003D24F1 /* Debug-Prod */,
				7528A4B62C95F3ED002787EB /* Debug-Test */,
				75CF43CE2C4109AB003D24F1 /* Release-Prod */,
				7528A4B82C95F448002787EB /* Release-Test */,
			);
			defaultConfigurationIsVisible = 0;
			defaultConfigurationName = "Release-Prod";
		};
		75CF43CF2C4109AB003D24F1 /* Build configuration list for PBXNativeTarget "AnimeApp" */ = {
			isa = XCConfigurationList;
			buildConfigurations = (
				75CF43D02C4109AB003D24F1 /* Debug-Prod */,
				7528A4B72C95F3ED002787EB /* Debug-Test */,
				75CF43D12C4109AB003D24F1 /* Release-Prod */,
				7528A4B92C95F448002787EB /* Release-Test */,
			);
			defaultConfigurationIsVisible = 0;
			defaultConfigurationName = "Release-Prod";
		};
/* End XCConfigurationList section */

/* Begin XCLocalSwiftPackageReference section */
		75752F932C413D30000F447E /* XCLocalSwiftPackageReference "AnilistAPI" */ = {
			isa = XCLocalSwiftPackageReference;
			relativePath = AnilistAPI;
		};
/* End XCLocalSwiftPackageReference section */

/* Begin XCRemoteSwiftPackageReference section */
		7548C1ED2C6E35410034F82A /* XCRemoteSwiftPackageReference "lottie-ios" */ = {
			isa = XCRemoteSwiftPackageReference;
			repositoryURL = "https://github.com/airbnb/lottie-ios.git";
			requirement = {
				kind = upToNextMajorVersion;
				minimumVersion = 4.5.0;
			};
		};
		754913C52C47DB0300D09227 /* XCRemoteSwiftPackageReference "Nuke" */ = {
			isa = XCRemoteSwiftPackageReference;
			repositoryURL = "https://github.com/kean/Nuke.git";
			requirement = {
				kind = upToNextMajorVersion;
				minimumVersion = 12.8.0;
			};
		};
		75C45F312C6DF8BD001A7C65 /* XCRemoteSwiftPackageReference "netfox" */ = {
			isa = XCRemoteSwiftPackageReference;
			repositoryURL = "https://github.com/kasketis/netfox";
			requirement = {
				kind = upToNextMajorVersion;
				minimumVersion = 1.21.0;
			};
		};
		75CF43F62C412DBA003D24F1 /* XCRemoteSwiftPackageReference "apollo-ios" */ = {
			isa = XCRemoteSwiftPackageReference;
			repositoryURL = "https://github.com/apollographql/apollo-ios.git";
			requirement = {
				kind = upToNextMajorVersion;
				minimumVersion = 1.13.0;
			};
		};
/* End XCRemoteSwiftPackageReference section */

/* Begin XCSwiftPackageProductDependency section */
		7548C1EE2C6E35410034F82A /* Lottie */ = {
			isa = XCSwiftPackageProductDependency;
			package = 7548C1ED2C6E35410034F82A /* XCRemoteSwiftPackageReference "lottie-ios" */;
			productName = Lottie;
		};
		754913C62C47DB0300D09227 /* Nuke */ = {
			isa = XCSwiftPackageProductDependency;
			package = 754913C52C47DB0300D09227 /* XCRemoteSwiftPackageReference "Nuke" */;
			productName = Nuke;
		};
		754913C82C47DB0300D09227 /* NukeExtensions */ = {
			isa = XCSwiftPackageProductDependency;
			package = 754913C52C47DB0300D09227 /* XCRemoteSwiftPackageReference "Nuke" */;
			productName = NukeExtensions;
		};
		754913CA2C47DB0300D09227 /* NukeUI */ = {
			isa = XCSwiftPackageProductDependency;
			package = 754913C52C47DB0300D09227 /* XCRemoteSwiftPackageReference "Nuke" */;
			productName = NukeUI;
		};
		754913CC2C47DB0300D09227 /* NukeVideo */ = {
			isa = XCSwiftPackageProductDependency;
			package = 754913C52C47DB0300D09227 /* XCRemoteSwiftPackageReference "Nuke" */;
			productName = NukeVideo;
		};
		75752F942C413D30000F447E /* AnilistAPI */ = {
			isa = XCSwiftPackageProductDependency;
			productName = AnilistAPI;
		};
		75C45F322C6DF8BD001A7C65 /* netfox */ = {
			isa = XCSwiftPackageProductDependency;
			package = 75C45F312C6DF8BD001A7C65 /* XCRemoteSwiftPackageReference "netfox" */;
			productName = netfox;
		};
		75CF43F72C412DBA003D24F1 /* Apollo */ = {
			isa = XCSwiftPackageProductDependency;
			package = 75CF43F62C412DBA003D24F1 /* XCRemoteSwiftPackageReference "apollo-ios" */;
			productName = Apollo;
		};
/* End XCSwiftPackageProductDependency section */
	};
	rootObject = 75CF43B92C4109A9003D24F1 /* Project object */;
}
